// !$*UTF8*$!
{
	archiveVersion = 1;
	classes = {
	};
	objectVersion = 50;
	objects = {

/* Begin PBXBuildFile section */
		021C7BAB23F71348009B4F3A /* AppDelegate.swift in Sources */ = {isa = PBXBuildFile; fileRef = 021C7BAA23F71348009B4F3A /* AppDelegate.swift */; };
		021C7BAD23F71348009B4F3A /* Project.swift in Sources */ = {isa = PBXBuildFile; fileRef = 021C7BAC23F71348009B4F3A /* Project.swift */; };
		021C7BB023F71348009B4F3A /* Project.xib in Resources */ = {isa = PBXBuildFile; fileRef = 021C7BAE23F71348009B4F3A /* Project.xib */; };
		021C7BB323F71348009B4F3A /* Project.xcdatamodeld in Sources */ = {isa = PBXBuildFile; fileRef = 021C7BB123F71348009B4F3A /* Project.xcdatamodeld */; };
		021C7BB523F7134A009B4F3A /* Assets.xcassets in Resources */ = {isa = PBXBuildFile; fileRef = 021C7BB423F7134A009B4F3A /* Assets.xcassets */; };
		021C7BB823F7134A009B4F3A /* MainMenu.xib in Resources */ = {isa = PBXBuildFile; fileRef = 021C7BB623F7134A009B4F3A /* MainMenu.xib */; };
		021C7BC423F7134A009B4F3A /* Astro_ImagerTests.swift in Sources */ = {isa = PBXBuildFile; fileRef = 021C7BC323F7134A009B4F3A /* Astro_ImagerTests.swift */; };
		02770F9D23F841330038A144 /* TransformerDAO+CoreDataClass.swift in Sources */ = {isa = PBXBuildFile; fileRef = 02770F7923F841330038A144 /* TransformerDAO+CoreDataClass.swift */; };
		02770F9E23F841330038A144 /* TransformerDAO+CoreDataProperties.swift in Sources */ = {isa = PBXBuildFile; fileRef = 02770F7A23F841330038A144 /* TransformerDAO+CoreDataProperties.swift */; };
		02770F9F23F841330038A144 /* IntegerPropertyDAO+CoreDataClass.swift in Sources */ = {isa = PBXBuildFile; fileRef = 02770F7B23F841330038A144 /* IntegerPropertyDAO+CoreDataClass.swift */; };
		02770FA023F841330038A144 /* IntegerPropertyDAO+CoreDataProperties.swift in Sources */ = {isa = PBXBuildFile; fileRef = 02770F7C23F841330038A144 /* IntegerPropertyDAO+CoreDataProperties.swift */; };
		02770FA123F841330038A144 /* GeneratorDAO+CoreDataClass.swift in Sources */ = {isa = PBXBuildFile; fileRef = 02770F7D23F841330038A144 /* GeneratorDAO+CoreDataClass.swift */; };
		02770FA223F841330038A144 /* GeneratorDAO+CoreDataProperties.swift in Sources */ = {isa = PBXBuildFile; fileRef = 02770F7E23F841330038A144 /* GeneratorDAO+CoreDataProperties.swift */; };
		02770FA323F841330038A144 /* PipelineDAO+CoreDataClass.swift in Sources */ = {isa = PBXBuildFile; fileRef = 02770F7F23F841330038A144 /* PipelineDAO+CoreDataClass.swift */; };
		02770FA423F841330038A144 /* PipelineDAO+CoreDataProperties.swift in Sources */ = {isa = PBXBuildFile; fileRef = 02770F8023F841330038A144 /* PipelineDAO+CoreDataProperties.swift */; };
		02770FA523F841330038A144 /* ProcessorDAO+CoreDataClass.swift in Sources */ = {isa = PBXBuildFile; fileRef = 02770F8123F841330038A144 /* ProcessorDAO+CoreDataClass.swift */; };
		02770FA623F841330038A144 /* ProcessorDAO+CoreDataProperties.swift in Sources */ = {isa = PBXBuildFile; fileRef = 02770F8223F841330038A144 /* ProcessorDAO+CoreDataProperties.swift */; };
		02770FA723F841330038A144 /* BooleanPropertyDAO+CoreDataClass.swift in Sources */ = {isa = PBXBuildFile; fileRef = 02770F8323F841330038A144 /* BooleanPropertyDAO+CoreDataClass.swift */; };
		02770FA823F841330038A144 /* BooleanPropertyDAO+CoreDataProperties.swift in Sources */ = {isa = PBXBuildFile; fileRef = 02770F8423F841330038A144 /* BooleanPropertyDAO+CoreDataProperties.swift */; };
		02770FA923F841330038A144 /* SerializerDAO+CoreDataClass.swift in Sources */ = {isa = PBXBuildFile; fileRef = 02770F8523F841330038A144 /* SerializerDAO+CoreDataClass.swift */; };
		02770FAA23F841330038A144 /* SerializerDAO+CoreDataProperties.swift in Sources */ = {isa = PBXBuildFile; fileRef = 02770F8623F841330038A144 /* SerializerDAO+CoreDataProperties.swift */; };
		02770FAB23F841330038A144 /* ImageTransformDAO+CoreDataClass.swift in Sources */ = {isa = PBXBuildFile; fileRef = 02770F8723F841330038A144 /* ImageTransformDAO+CoreDataClass.swift */; };
		02770FAC23F841330038A144 /* ImageTransformDAO+CoreDataProperties.swift in Sources */ = {isa = PBXBuildFile; fileRef = 02770F8823F841330038A144 /* ImageTransformDAO+CoreDataProperties.swift */; };
		02770FAD23F841330038A144 /* StackedImageDAO+CoreDataClass.swift in Sources */ = {isa = PBXBuildFile; fileRef = 02770F8923F841330038A144 /* StackedImageDAO+CoreDataClass.swift */; };
		02770FAE23F841330038A144 /* StackedImageDAO+CoreDataProperties.swift in Sources */ = {isa = PBXBuildFile; fileRef = 02770F8A23F841330038A144 /* StackedImageDAO+CoreDataProperties.swift */; };
		02770FAF23F841330038A144 /* StringPropertyDAO+CoreDataClass.swift in Sources */ = {isa = PBXBuildFile; fileRef = 02770F8B23F841330038A144 /* StringPropertyDAO+CoreDataClass.swift */; };
		02770FB023F841330038A144 /* StringPropertyDAO+CoreDataProperties.swift in Sources */ = {isa = PBXBuildFile; fileRef = 02770F8C23F841330038A144 /* StringPropertyDAO+CoreDataProperties.swift */; };
		02770FB123F841330038A144 /* URIPropertyDAO+CoreDataClass.swift in Sources */ = {isa = PBXBuildFile; fileRef = 02770F8D23F841330038A144 /* URIPropertyDAO+CoreDataClass.swift */; };
		02770FB223F841330038A144 /* URIPropertyDAO+CoreDataProperties.swift in Sources */ = {isa = PBXBuildFile; fileRef = 02770F8E23F841330038A144 /* URIPropertyDAO+CoreDataProperties.swift */; };
		02770FB323F841330038A144 /* AstroImageDAO+CoreDataClass.swift in Sources */ = {isa = PBXBuildFile; fileRef = 02770F8F23F841330038A144 /* AstroImageDAO+CoreDataClass.swift */; };
		02770FB423F841330038A144 /* AstroImageDAO+CoreDataProperties.swift in Sources */ = {isa = PBXBuildFile; fileRef = 02770F9023F841330038A144 /* AstroImageDAO+CoreDataProperties.swift */; };
		02770FB523F841330038A144 /* DoublePropertyDAO+CoreDataClass.swift in Sources */ = {isa = PBXBuildFile; fileRef = 02770F9123F841330038A144 /* DoublePropertyDAO+CoreDataClass.swift */; };
		02770FB623F841330038A144 /* DoublePropertyDAO+CoreDataProperties.swift in Sources */ = {isa = PBXBuildFile; fileRef = 02770F9223F841330038A144 /* DoublePropertyDAO+CoreDataProperties.swift */; };
		02770FB723F841330038A144 /* DatePropertyDAO+CoreDataClass.swift in Sources */ = {isa = PBXBuildFile; fileRef = 02770F9323F841330038A144 /* DatePropertyDAO+CoreDataClass.swift */; };
		02770FB823F841330038A144 /* DatePropertyDAO+CoreDataProperties.swift in Sources */ = {isa = PBXBuildFile; fileRef = 02770F9423F841330038A144 /* DatePropertyDAO+CoreDataProperties.swift */; };
		02770FB923F841330038A144 /* ImageSetDAO+CoreDataClass.swift in Sources */ = {isa = PBXBuildFile; fileRef = 02770F9523F841330038A144 /* ImageSetDAO+CoreDataClass.swift */; };
		02770FBA23F841330038A144 /* ImageSetDAO+CoreDataProperties.swift in Sources */ = {isa = PBXBuildFile; fileRef = 02770F9623F841330038A144 /* ImageSetDAO+CoreDataProperties.swift */; };
		02770FBB23F841330038A144 /* PropertyDAO+CoreDataClass.swift in Sources */ = {isa = PBXBuildFile; fileRef = 02770F9723F841330038A144 /* PropertyDAO+CoreDataClass.swift */; };
		02770FBC23F841330038A144 /* PropertyDAO+CoreDataProperties.swift in Sources */ = {isa = PBXBuildFile; fileRef = 02770F9823F841330038A144 /* PropertyDAO+CoreDataProperties.swift */; };
		02770FBD23F841330038A144 /* DataPropertyDAO+CoreDataClass.swift in Sources */ = {isa = PBXBuildFile; fileRef = 02770F9923F841330038A144 /* DataPropertyDAO+CoreDataClass.swift */; };
		02770FBE23F841330038A144 /* DataPropertyDAO+CoreDataProperties.swift in Sources */ = {isa = PBXBuildFile; fileRef = 02770F9A23F841330038A144 /* DataPropertyDAO+CoreDataProperties.swift */; };
		02770FBF23F841330038A144 /* CelestialPositionDAO+CoreDataClass.swift in Sources */ = {isa = PBXBuildFile; fileRef = 02770F9B23F841330038A144 /* CelestialPositionDAO+CoreDataClass.swift */; };
		02770FC023F841330038A144 /* CelestialPositionDAO+CoreDataProperties.swift in Sources */ = {isa = PBXBuildFile; fileRef = 02770F9C23F841330038A144 /* CelestialPositionDAO+CoreDataProperties.swift */; };
		02770FEB23F857A50038A144 /* ImageDirectoryGeneratorComponent.swift in Sources */ = {isa = PBXBuildFile; fileRef = 02770FEA23F857A50038A144 /* ImageDirectoryGeneratorComponent.swift */; };
		02770FFA23F858660038A144 /* AstroImagerPlugin.framework in Frameworks */ = {isa = PBXBuildFile; fileRef = 02770FF123F858650038A144 /* AstroImagerPlugin.framework */; };
		0277100123F858660038A144 /* AstroImagerPluginTests.swift in Sources */ = {isa = PBXBuildFile; fileRef = 0277100023F858660038A144 /* AstroImagerPluginTests.swift */; };
		0277100323F858660038A144 /* AstroImagerPlugin.h in Headers */ = {isa = PBXBuildFile; fileRef = 02770FF323F858650038A144 /* AstroImagerPlugin.h */; settings = {ATTRIBUTES = (Public, ); }; };
		0277100623F858660038A144 /* AstroImagerPlugin.framework in Frameworks */ = {isa = PBXBuildFile; fileRef = 02770FF123F858650038A144 /* AstroImagerPlugin.framework */; };
		0277100723F858660038A144 /* AstroImagerPlugin.framework in Embed Frameworks */ = {isa = PBXBuildFile; fileRef = 02770FF123F858650038A144 /* AstroImagerPlugin.framework */; settings = {ATTRIBUTES = (CodeSignOnCopy, RemoveHeadersOnCopy, ); }; };
		0277102723F858CD0038A144 /* AstroImager.framework in Frameworks */ = {isa = PBXBuildFile; fileRef = 0277101E23F858CD0038A144 /* AstroImager.framework */; };
		0277102E23F858CD0038A144 /* AstroImagerTests.swift in Sources */ = {isa = PBXBuildFile; fileRef = 0277102D23F858CD0038A144 /* AstroImagerTests.swift */; };
		0277103023F858CD0038A144 /* AstroImager.h in Headers */ = {isa = PBXBuildFile; fileRef = 0277102023F858CD0038A144 /* AstroImager.h */; settings = {ATTRIBUTES = (Public, ); }; };
		0277103323F858CD0038A144 /* AstroImager.framework in Frameworks */ = {isa = PBXBuildFile; fileRef = 0277101E23F858CD0038A144 /* AstroImager.framework */; };
		0277103423F858CD0038A144 /* AstroImager.framework in Embed Frameworks */ = {isa = PBXBuildFile; fileRef = 0277101E23F858CD0038A144 /* AstroImager.framework */; settings = {ATTRIBUTES = (CodeSignOnCopy, RemoveHeadersOnCopy, ); }; };
		0277103B23F858DB0038A144 /* AstroImage.swift in Sources */ = {isa = PBXBuildFile; fileRef = 02770FC723F846ED0038A144 /* AstroImage.swift */; };
		0277103C23F858DB0038A144 /* ImageSet.swift in Sources */ = {isa = PBXBuildFile; fileRef = 02770FC523F8453C0038A144 /* ImageSet.swift */; };
		0277103E23F859020038A144 /* AstroImager.framework in Frameworks */ = {isa = PBXBuildFile; fileRef = 0277101E23F858CD0038A144 /* AstroImager.framework */; };
		0277103F23F859020038A144 /* AstroImager.framework in Embed Frameworks */ = {isa = PBXBuildFile; fileRef = 0277101E23F858CD0038A144 /* AstroImager.framework */; settings = {ATTRIBUTES = (CodeSignOnCopy, RemoveHeadersOnCopy, ); }; };
		0277104C23F859A80038A144 /* AstroImagerPlugin.framework in Frameworks */ = {isa = PBXBuildFile; fileRef = 02770FF123F858650038A144 /* AstroImagerPlugin.framework */; };
		0277104F23F859AA0038A144 /* AstroImager.framework in Frameworks */ = {isa = PBXBuildFile; fileRef = 0277101E23F858CD0038A144 /* AstroImager.framework */; };
		0277105123F8C0D70038A144 /* Pipeline.swift in Sources */ = {isa = PBXBuildFile; fileRef = 02770FC223F841ED0038A144 /* Pipeline.swift */; };
		0277105223F8C0DC0038A144 /* Processor.swift in Sources */ = {isa = PBXBuildFile; fileRef = 021C7C2023F781D1009B4F3A /* Processor.swift */; };
		0277105323F8C0DC0038A144 /* Generator.swift in Sources */ = {isa = PBXBuildFile; fileRef = 021C7C1E23F78167009B4F3A /* Generator.swift */; };
		0277105423F8C0DC0038A144 /* Transformer.swift in Sources */ = {isa = PBXBuildFile; fileRef = 02770F7723F83F970038A144 /* Transformer.swift */; };
		0277105523F8C0DC0038A144 /* Serializer.swift in Sources */ = {isa = PBXBuildFile; fileRef = 02770F6F23F838710038A144 /* Serializer.swift */; };
		0277105623F8C0DC0038A144 /* Viewer.swift in Sources */ = {isa = PBXBuildFile; fileRef = 02770F7123F838AF0038A144 /* Viewer.swift */; };
		0277105723F8C0DC0038A144 /* ImageViewer.swift in Sources */ = {isa = PBXBuildFile; fileRef = 02770F7323F83A5C0038A144 /* ImageViewer.swift */; };
		0277105823F8C0DC0038A144 /* ImageViewerLayer.swift in Sources */ = {isa = PBXBuildFile; fileRef = 02770F7523F83B1D0038A144 /* ImageViewerLayer.swift */; };
		0277105C23F8C1630038A144 /* AstroImagerPlugin.swift in Sources */ = {isa = PBXBuildFile; fileRef = 0277105B23F8C1630038A144 /* AstroImagerPlugin.swift */; };
		0277105E23F8C1EA0038A144 /* MetaPlugin.swift in Sources */ = {isa = PBXBuildFile; fileRef = 0277105D23F8C1EA0038A144 /* MetaPlugin.swift */; };
		0277106023F8CA590038A144 /* plugin.plist in Resources */ = {isa = PBXBuildFile; fileRef = 0277105F23F8CA590038A144 /* plugin.plist */; };
		0277106423F99F6A0038A144 /* play.rectangle.fill.svg in Resources */ = {isa = PBXBuildFile; fileRef = 0277106223F99F690038A144 /* play.rectangle.fill.svg */; };
		0277106523F99F6A0038A144 /* play.rectangle.svg in Resources */ = {isa = PBXBuildFile; fileRef = 0277106323F99F690038A144 /* play.rectangle.svg */; };
		0277106923FC9B810038A144 /* DirectoryNavigatorCell.xib in Resources */ = {isa = PBXBuildFile; fileRef = 0277106823FC9B810038A144 /* DirectoryNavigatorCell.xib */; };
		0277106B23FC9BF60038A144 /* DirectoryInspectorView.xib in Resources */ = {isa = PBXBuildFile; fileRef = 0277106A23FC9BF60038A144 /* DirectoryInspectorView.xib */; };
		0277106D23FDEFA10038A144 /* DirectoryNavigatorController.swift in Sources */ = {isa = PBXBuildFile; fileRef = 0277106C23FDEFA10038A144 /* DirectoryNavigatorController.swift */; };
		0277106F23FDEFC90038A144 /* DirectoryGeneratorAttributesInspector.swift in Sources */ = {isa = PBXBuildFile; fileRef = 0277106E23FDEFC90038A144 /* DirectoryGeneratorAttributesInspector.swift */; };
		0277107123FF4CA00038A144 /* ImageDirectoryGeneratorPlugin.swift in Sources */ = {isa = PBXBuildFile; fileRef = 0277107023FF4CA00038A144 /* ImageDirectoryGeneratorPlugin.swift */; };
		02771073240098080038A144 /* NavigationController.swift in Sources */ = {isa = PBXBuildFile; fileRef = 02771072240098080038A144 /* NavigationController.swift */; };
		02D97565240838C8007B3EA7 /* ProcessorComponent.swift in Sources */ = {isa = PBXBuildFile; fileRef = 02D97564240838C8007B3EA7 /* ProcessorComponent.swift */; };
		02D975672408399D007B3EA7 /* GeneratorComponent.swift in Sources */ = {isa = PBXBuildFile; fileRef = 02D975662408399D007B3EA7 /* GeneratorComponent.swift */; };
		02D97569240839AF007B3EA7 /* TransformerComponent.swift in Sources */ = {isa = PBXBuildFile; fileRef = 02D97568240839AF007B3EA7 /* TransformerComponent.swift */; };
		02D9756B240839E1007B3EA7 /* SerializerComponent.swift in Sources */ = {isa = PBXBuildFile; fileRef = 02D9756A240839E1007B3EA7 /* SerializerComponent.swift */; };
		02D9756D24083CBB007B3EA7 /* ImageDirectoryGenerator.swift in Sources */ = {isa = PBXBuildFile; fileRef = 02D9756C24083CBB007B3EA7 /* ImageDirectoryGenerator.swift */; };
		02D9756E24084136007B3EA7 /* PluginProvider.swift in Sources */ = {isa = PBXBuildFile; fileRef = 02D9756224034B3C007B3EA7 /* PluginProvider.swift */; };
		02D975712408429E007B3EA7 /* DefaultPipeline.swift in Sources */ = {isa = PBXBuildFile; fileRef = 02D975602403397D007B3EA7 /* DefaultPipeline.swift */; };
		02D9757324088A1E007B3EA7 /* InspectorController.swift in Sources */ = {isa = PBXBuildFile; fileRef = 02D9757224088A1E007B3EA7 /* InspectorController.swift */; };
/* End PBXBuildFile section */

/* Begin PBXContainerItemProxy section */
		021C7BC023F7134A009B4F3A /* PBXContainerItemProxy */ = {
			isa = PBXContainerItemProxy;
			containerPortal = 021C7B9F23F71348009B4F3A /* Project object */;
			proxyType = 1;
			remoteGlobalIDString = 021C7BA623F71348009B4F3A;
			remoteInfo = "Astro Imager";
		};
		02770FFB23F858660038A144 /* PBXContainerItemProxy */ = {
			isa = PBXContainerItemProxy;
			containerPortal = 021C7B9F23F71348009B4F3A /* Project object */;
			proxyType = 1;
			remoteGlobalIDString = 02770FF023F858650038A144;
			remoteInfo = AstroImagerPlugin;
		};
		02770FFD23F858660038A144 /* PBXContainerItemProxy */ = {
			isa = PBXContainerItemProxy;
			containerPortal = 021C7B9F23F71348009B4F3A /* Project object */;
			proxyType = 1;
			remoteGlobalIDString = 021C7BA623F71348009B4F3A;
			remoteInfo = "Astro Imager";
		};
		0277100423F858660038A144 /* PBXContainerItemProxy */ = {
			isa = PBXContainerItemProxy;
			containerPortal = 021C7B9F23F71348009B4F3A /* Project object */;
			proxyType = 1;
			remoteGlobalIDString = 02770FF023F858650038A144;
			remoteInfo = AstroImagerPlugin;
		};
		0277102823F858CD0038A144 /* PBXContainerItemProxy */ = {
			isa = PBXContainerItemProxy;
			containerPortal = 021C7B9F23F71348009B4F3A /* Project object */;
			proxyType = 1;
			remoteGlobalIDString = 0277101D23F858CD0038A144;
			remoteInfo = AstroImager;
		};
		0277102A23F858CD0038A144 /* PBXContainerItemProxy */ = {
			isa = PBXContainerItemProxy;
			containerPortal = 021C7B9F23F71348009B4F3A /* Project object */;
			proxyType = 1;
			remoteGlobalIDString = 021C7BA623F71348009B4F3A;
			remoteInfo = "Astro Imager";
		};
		0277103123F858CD0038A144 /* PBXContainerItemProxy */ = {
			isa = PBXContainerItemProxy;
			containerPortal = 021C7B9F23F71348009B4F3A /* Project object */;
			proxyType = 1;
			remoteGlobalIDString = 0277101D23F858CD0038A144;
			remoteInfo = AstroImager;
		};
		0277104023F859020038A144 /* PBXContainerItemProxy */ = {
			isa = PBXContainerItemProxy;
			containerPortal = 021C7B9F23F71348009B4F3A /* Project object */;
			proxyType = 1;
			remoteGlobalIDString = 0277101D23F858CD0038A144;
			remoteInfo = AstroImager;
		};
		0277104523F8592F0038A144 /* PBXContainerItemProxy */ = {
			isa = PBXContainerItemProxy;
			containerPortal = 021C7B9F23F71348009B4F3A /* Project object */;
			proxyType = 1;
			remoteGlobalIDString = 0277101D23F858CD0038A144;
			remoteInfo = AstroImager;
		};
		0277104923F8592F0038A144 /* PBXContainerItemProxy */ = {
			isa = PBXContainerItemProxy;
			containerPortal = 021C7B9F23F71348009B4F3A /* Project object */;
			proxyType = 1;
			remoteGlobalIDString = 02770FF023F858650038A144;
			remoteInfo = AstroImagerPlugin;
		};
/* End PBXContainerItemProxy section */

/* Begin PBXCopyFilesBuildPhase section */
		0277100B23F858660038A144 /* Embed Frameworks */ = {
			isa = PBXCopyFilesBuildPhase;
			buildActionMask = 2147483647;
			dstPath = "";
			dstSubfolderSpec = 10;
			files = (
				0277100723F858660038A144 /* AstroImagerPlugin.framework in Embed Frameworks */,
				0277103423F858CD0038A144 /* AstroImager.framework in Embed Frameworks */,
			);
			name = "Embed Frameworks";
			runOnlyForDeploymentPostprocessing = 0;
		};
		0277104223F859020038A144 /* Embed Frameworks */ = {
			isa = PBXCopyFilesBuildPhase;
			buildActionMask = 2147483647;
			dstPath = "";
			dstSubfolderSpec = 10;
			files = (
				0277103F23F859020038A144 /* AstroImager.framework in Embed Frameworks */,
			);
			name = "Embed Frameworks";
			runOnlyForDeploymentPostprocessing = 0;
		};
/* End PBXCopyFilesBuildPhase section */

/* Begin PBXFileReference section */
		021C7BA723F71348009B4F3A /* Astro Imager.app */ = {isa = PBXFileReference; explicitFileType = wrapper.application; includeInIndex = 0; path = "Astro Imager.app"; sourceTree = BUILT_PRODUCTS_DIR; };
		021C7BAA23F71348009B4F3A /* AppDelegate.swift */ = {isa = PBXFileReference; lastKnownFileType = sourcecode.swift; path = AppDelegate.swift; sourceTree = "<group>"; };
		021C7BAC23F71348009B4F3A /* Project.swift */ = {isa = PBXFileReference; lastKnownFileType = sourcecode.swift; path = Project.swift; sourceTree = "<group>"; };
		021C7BAF23F71348009B4F3A /* Base */ = {isa = PBXFileReference; lastKnownFileType = file.xib; name = Base; path = Base.lproj/Project.xib; sourceTree = "<group>"; };
		021C7BB223F71348009B4F3A /* Document.xcdatamodel */ = {isa = PBXFileReference; lastKnownFileType = wrapper.xcdatamodel; path = Document.xcdatamodel; sourceTree = "<group>"; };
		021C7BB423F7134A009B4F3A /* Assets.xcassets */ = {isa = PBXFileReference; lastKnownFileType = folder.assetcatalog; path = Assets.xcassets; sourceTree = "<group>"; };
		021C7BB723F7134A009B4F3A /* Base */ = {isa = PBXFileReference; lastKnownFileType = file.xib; name = Base; path = Base.lproj/MainMenu.xib; sourceTree = "<group>"; };
		021C7BB923F7134A009B4F3A /* Info.plist */ = {isa = PBXFileReference; lastKnownFileType = text.plist.xml; path = Info.plist; sourceTree = "<group>"; };
		021C7BBA23F7134A009B4F3A /* Astro_Imager.entitlements */ = {isa = PBXFileReference; lastKnownFileType = text.plist.entitlements; path = Astro_Imager.entitlements; sourceTree = "<group>"; };
		021C7BBF23F7134A009B4F3A /* Astro ImagerTests.xctest */ = {isa = PBXFileReference; explicitFileType = wrapper.cfbundle; includeInIndex = 0; path = "Astro ImagerTests.xctest"; sourceTree = BUILT_PRODUCTS_DIR; };
		021C7BC323F7134A009B4F3A /* Astro_ImagerTests.swift */ = {isa = PBXFileReference; lastKnownFileType = sourcecode.swift; path = Astro_ImagerTests.swift; sourceTree = "<group>"; };
		021C7BC523F7134A009B4F3A /* Info.plist */ = {isa = PBXFileReference; lastKnownFileType = text.plist.xml; path = Info.plist; sourceTree = "<group>"; };
		021C7C1E23F78167009B4F3A /* Generator.swift */ = {isa = PBXFileReference; lastKnownFileType = sourcecode.swift; path = Generator.swift; sourceTree = "<group>"; };
		021C7C2023F781D1009B4F3A /* Processor.swift */ = {isa = PBXFileReference; lastKnownFileType = sourcecode.swift; path = Processor.swift; sourceTree = "<group>"; };
		02770F6F23F838710038A144 /* Serializer.swift */ = {isa = PBXFileReference; lastKnownFileType = sourcecode.swift; path = Serializer.swift; sourceTree = "<group>"; };
		02770F7123F838AF0038A144 /* Viewer.swift */ = {isa = PBXFileReference; lastKnownFileType = sourcecode.swift; path = Viewer.swift; sourceTree = "<group>"; };
		02770F7323F83A5C0038A144 /* ImageViewer.swift */ = {isa = PBXFileReference; lastKnownFileType = sourcecode.swift; path = ImageViewer.swift; sourceTree = "<group>"; };
		02770F7523F83B1D0038A144 /* ImageViewerLayer.swift */ = {isa = PBXFileReference; lastKnownFileType = sourcecode.swift; path = ImageViewerLayer.swift; sourceTree = "<group>"; };
		02770F7723F83F970038A144 /* Transformer.swift */ = {isa = PBXFileReference; fileEncoding = 4; lastKnownFileType = sourcecode.swift; path = Transformer.swift; sourceTree = "<group>"; };
		02770F7923F841330038A144 /* TransformerDAO+CoreDataClass.swift */ = {isa = PBXFileReference; lastKnownFileType = sourcecode.swift; path = "TransformerDAO+CoreDataClass.swift"; sourceTree = "<group>"; };
		02770F7A23F841330038A144 /* TransformerDAO+CoreDataProperties.swift */ = {isa = PBXFileReference; lastKnownFileType = sourcecode.swift; path = "TransformerDAO+CoreDataProperties.swift"; sourceTree = "<group>"; };
		02770F7B23F841330038A144 /* IntegerPropertyDAO+CoreDataClass.swift */ = {isa = PBXFileReference; lastKnownFileType = sourcecode.swift; path = "IntegerPropertyDAO+CoreDataClass.swift"; sourceTree = "<group>"; };
		02770F7C23F841330038A144 /* IntegerPropertyDAO+CoreDataProperties.swift */ = {isa = PBXFileReference; lastKnownFileType = sourcecode.swift; path = "IntegerPropertyDAO+CoreDataProperties.swift"; sourceTree = "<group>"; };
		02770F7D23F841330038A144 /* GeneratorDAO+CoreDataClass.swift */ = {isa = PBXFileReference; lastKnownFileType = sourcecode.swift; path = "GeneratorDAO+CoreDataClass.swift"; sourceTree = "<group>"; };
		02770F7E23F841330038A144 /* GeneratorDAO+CoreDataProperties.swift */ = {isa = PBXFileReference; lastKnownFileType = sourcecode.swift; path = "GeneratorDAO+CoreDataProperties.swift"; sourceTree = "<group>"; };
		02770F7F23F841330038A144 /* PipelineDAO+CoreDataClass.swift */ = {isa = PBXFileReference; lastKnownFileType = sourcecode.swift; path = "PipelineDAO+CoreDataClass.swift"; sourceTree = "<group>"; };
		02770F8023F841330038A144 /* PipelineDAO+CoreDataProperties.swift */ = {isa = PBXFileReference; lastKnownFileType = sourcecode.swift; path = "PipelineDAO+CoreDataProperties.swift"; sourceTree = "<group>"; };
		02770F8123F841330038A144 /* ProcessorDAO+CoreDataClass.swift */ = {isa = PBXFileReference; lastKnownFileType = sourcecode.swift; path = "ProcessorDAO+CoreDataClass.swift"; sourceTree = "<group>"; };
		02770F8223F841330038A144 /* ProcessorDAO+CoreDataProperties.swift */ = {isa = PBXFileReference; lastKnownFileType = sourcecode.swift; path = "ProcessorDAO+CoreDataProperties.swift"; sourceTree = "<group>"; };
		02770F8323F841330038A144 /* BooleanPropertyDAO+CoreDataClass.swift */ = {isa = PBXFileReference; lastKnownFileType = sourcecode.swift; path = "BooleanPropertyDAO+CoreDataClass.swift"; sourceTree = "<group>"; };
		02770F8423F841330038A144 /* BooleanPropertyDAO+CoreDataProperties.swift */ = {isa = PBXFileReference; lastKnownFileType = sourcecode.swift; path = "BooleanPropertyDAO+CoreDataProperties.swift"; sourceTree = "<group>"; };
		02770F8523F841330038A144 /* SerializerDAO+CoreDataClass.swift */ = {isa = PBXFileReference; lastKnownFileType = sourcecode.swift; path = "SerializerDAO+CoreDataClass.swift"; sourceTree = "<group>"; };
		02770F8623F841330038A144 /* SerializerDAO+CoreDataProperties.swift */ = {isa = PBXFileReference; lastKnownFileType = sourcecode.swift; path = "SerializerDAO+CoreDataProperties.swift"; sourceTree = "<group>"; };
		02770F8723F841330038A144 /* ImageTransformDAO+CoreDataClass.swift */ = {isa = PBXFileReference; lastKnownFileType = sourcecode.swift; path = "ImageTransformDAO+CoreDataClass.swift"; sourceTree = "<group>"; };
		02770F8823F841330038A144 /* ImageTransformDAO+CoreDataProperties.swift */ = {isa = PBXFileReference; lastKnownFileType = sourcecode.swift; path = "ImageTransformDAO+CoreDataProperties.swift"; sourceTree = "<group>"; };
		02770F8923F841330038A144 /* StackedImageDAO+CoreDataClass.swift */ = {isa = PBXFileReference; lastKnownFileType = sourcecode.swift; path = "StackedImageDAO+CoreDataClass.swift"; sourceTree = "<group>"; };
		02770F8A23F841330038A144 /* StackedImageDAO+CoreDataProperties.swift */ = {isa = PBXFileReference; lastKnownFileType = sourcecode.swift; path = "StackedImageDAO+CoreDataProperties.swift"; sourceTree = "<group>"; };
		02770F8B23F841330038A144 /* StringPropertyDAO+CoreDataClass.swift */ = {isa = PBXFileReference; lastKnownFileType = sourcecode.swift; path = "StringPropertyDAO+CoreDataClass.swift"; sourceTree = "<group>"; };
		02770F8C23F841330038A144 /* StringPropertyDAO+CoreDataProperties.swift */ = {isa = PBXFileReference; lastKnownFileType = sourcecode.swift; path = "StringPropertyDAO+CoreDataProperties.swift"; sourceTree = "<group>"; };
		02770F8D23F841330038A144 /* URIPropertyDAO+CoreDataClass.swift */ = {isa = PBXFileReference; lastKnownFileType = sourcecode.swift; path = "URIPropertyDAO+CoreDataClass.swift"; sourceTree = "<group>"; };
		02770F8E23F841330038A144 /* URIPropertyDAO+CoreDataProperties.swift */ = {isa = PBXFileReference; lastKnownFileType = sourcecode.swift; path = "URIPropertyDAO+CoreDataProperties.swift"; sourceTree = "<group>"; };
		02770F8F23F841330038A144 /* AstroImageDAO+CoreDataClass.swift */ = {isa = PBXFileReference; lastKnownFileType = sourcecode.swift; path = "AstroImageDAO+CoreDataClass.swift"; sourceTree = "<group>"; };
		02770F9023F841330038A144 /* AstroImageDAO+CoreDataProperties.swift */ = {isa = PBXFileReference; lastKnownFileType = sourcecode.swift; path = "AstroImageDAO+CoreDataProperties.swift"; sourceTree = "<group>"; };
		02770F9123F841330038A144 /* DoublePropertyDAO+CoreDataClass.swift */ = {isa = PBXFileReference; lastKnownFileType = sourcecode.swift; path = "DoublePropertyDAO+CoreDataClass.swift"; sourceTree = "<group>"; };
		02770F9223F841330038A144 /* DoublePropertyDAO+CoreDataProperties.swift */ = {isa = PBXFileReference; lastKnownFileType = sourcecode.swift; path = "DoublePropertyDAO+CoreDataProperties.swift"; sourceTree = "<group>"; };
		02770F9323F841330038A144 /* DatePropertyDAO+CoreDataClass.swift */ = {isa = PBXFileReference; lastKnownFileType = sourcecode.swift; path = "DatePropertyDAO+CoreDataClass.swift"; sourceTree = "<group>"; };
		02770F9423F841330038A144 /* DatePropertyDAO+CoreDataProperties.swift */ = {isa = PBXFileReference; lastKnownFileType = sourcecode.swift; path = "DatePropertyDAO+CoreDataProperties.swift"; sourceTree = "<group>"; };
		02770F9523F841330038A144 /* ImageSetDAO+CoreDataClass.swift */ = {isa = PBXFileReference; lastKnownFileType = sourcecode.swift; path = "ImageSetDAO+CoreDataClass.swift"; sourceTree = "<group>"; };
		02770F9623F841330038A144 /* ImageSetDAO+CoreDataProperties.swift */ = {isa = PBXFileReference; lastKnownFileType = sourcecode.swift; path = "ImageSetDAO+CoreDataProperties.swift"; sourceTree = "<group>"; };
		02770F9723F841330038A144 /* PropertyDAO+CoreDataClass.swift */ = {isa = PBXFileReference; lastKnownFileType = sourcecode.swift; path = "PropertyDAO+CoreDataClass.swift"; sourceTree = "<group>"; };
		02770F9823F841330038A144 /* PropertyDAO+CoreDataProperties.swift */ = {isa = PBXFileReference; lastKnownFileType = sourcecode.swift; path = "PropertyDAO+CoreDataProperties.swift"; sourceTree = "<group>"; };
		02770F9923F841330038A144 /* DataPropertyDAO+CoreDataClass.swift */ = {isa = PBXFileReference; lastKnownFileType = sourcecode.swift; path = "DataPropertyDAO+CoreDataClass.swift"; sourceTree = "<group>"; };
		02770F9A23F841330038A144 /* DataPropertyDAO+CoreDataProperties.swift */ = {isa = PBXFileReference; lastKnownFileType = sourcecode.swift; path = "DataPropertyDAO+CoreDataProperties.swift"; sourceTree = "<group>"; };
		02770F9B23F841330038A144 /* CelestialPositionDAO+CoreDataClass.swift */ = {isa = PBXFileReference; lastKnownFileType = sourcecode.swift; path = "CelestialPositionDAO+CoreDataClass.swift"; sourceTree = "<group>"; };
		02770F9C23F841330038A144 /* CelestialPositionDAO+CoreDataProperties.swift */ = {isa = PBXFileReference; lastKnownFileType = sourcecode.swift; path = "CelestialPositionDAO+CoreDataProperties.swift"; sourceTree = "<group>"; };
		02770FC223F841ED0038A144 /* Pipeline.swift */ = {isa = PBXFileReference; lastKnownFileType = sourcecode.swift; path = Pipeline.swift; sourceTree = "<group>"; };
		02770FC523F8453C0038A144 /* ImageSet.swift */ = {isa = PBXFileReference; lastKnownFileType = sourcecode.swift; path = ImageSet.swift; sourceTree = "<group>"; };
		02770FC723F846ED0038A144 /* AstroImage.swift */ = {isa = PBXFileReference; lastKnownFileType = sourcecode.swift; path = AstroImage.swift; sourceTree = "<group>"; };
		02770FE423F857760038A144 /* ImageDirectoryGeneratorPlugin.plugin */ = {isa = PBXFileReference; explicitFileType = wrapper.cfbundle; includeInIndex = 0; path = ImageDirectoryGeneratorPlugin.plugin; sourceTree = BUILT_PRODUCTS_DIR; };
		02770FE623F857760038A144 /* Info.plist */ = {isa = PBXFileReference; lastKnownFileType = text.plist.xml; path = Info.plist; sourceTree = "<group>"; };
		02770FEA23F857A50038A144 /* ImageDirectoryGeneratorComponent.swift */ = {isa = PBXFileReference; lastKnownFileType = sourcecode.swift; path = ImageDirectoryGeneratorComponent.swift; sourceTree = "<group>"; };
		02770FF123F858650038A144 /* AstroImagerPlugin.framework */ = {isa = PBXFileReference; explicitFileType = wrapper.framework; includeInIndex = 0; path = AstroImagerPlugin.framework; sourceTree = BUILT_PRODUCTS_DIR; };
		02770FF323F858650038A144 /* AstroImagerPlugin.h */ = {isa = PBXFileReference; lastKnownFileType = sourcecode.c.h; path = AstroImagerPlugin.h; sourceTree = "<group>"; };
		02770FF423F858650038A144 /* Info.plist */ = {isa = PBXFileReference; lastKnownFileType = text.plist.xml; path = Info.plist; sourceTree = "<group>"; };
		02770FF923F858660038A144 /* AstroImagerPluginTests.xctest */ = {isa = PBXFileReference; explicitFileType = wrapper.cfbundle; includeInIndex = 0; path = AstroImagerPluginTests.xctest; sourceTree = BUILT_PRODUCTS_DIR; };
		0277100023F858660038A144 /* AstroImagerPluginTests.swift */ = {isa = PBXFileReference; lastKnownFileType = sourcecode.swift; path = AstroImagerPluginTests.swift; sourceTree = "<group>"; };
		0277100223F858660038A144 /* Info.plist */ = {isa = PBXFileReference; lastKnownFileType = text.plist.xml; path = Info.plist; sourceTree = "<group>"; };
		0277101E23F858CD0038A144 /* AstroImager.framework */ = {isa = PBXFileReference; explicitFileType = wrapper.framework; includeInIndex = 0; path = AstroImager.framework; sourceTree = BUILT_PRODUCTS_DIR; };
		0277102023F858CD0038A144 /* AstroImager.h */ = {isa = PBXFileReference; lastKnownFileType = sourcecode.c.h; path = AstroImager.h; sourceTree = "<group>"; };
		0277102123F858CD0038A144 /* Info.plist */ = {isa = PBXFileReference; lastKnownFileType = text.plist.xml; path = Info.plist; sourceTree = "<group>"; };
		0277102623F858CD0038A144 /* AstroImagerTests.xctest */ = {isa = PBXFileReference; explicitFileType = wrapper.cfbundle; includeInIndex = 0; path = AstroImagerTests.xctest; sourceTree = BUILT_PRODUCTS_DIR; };
		0277102D23F858CD0038A144 /* AstroImagerTests.swift */ = {isa = PBXFileReference; lastKnownFileType = sourcecode.swift; path = AstroImagerTests.swift; sourceTree = "<group>"; };
		0277102F23F858CD0038A144 /* Info.plist */ = {isa = PBXFileReference; lastKnownFileType = text.plist.xml; path = Info.plist; sourceTree = "<group>"; };
		0277105B23F8C1630038A144 /* AstroImagerPlugin.swift */ = {isa = PBXFileReference; lastKnownFileType = sourcecode.swift; path = AstroImagerPlugin.swift; sourceTree = "<group>"; };
		0277105D23F8C1EA0038A144 /* MetaPlugin.swift */ = {isa = PBXFileReference; lastKnownFileType = sourcecode.swift; path = MetaPlugin.swift; sourceTree = "<group>"; };
		0277105F23F8CA590038A144 /* plugin.plist */ = {isa = PBXFileReference; lastKnownFileType = text.plist.xml; path = plugin.plist; sourceTree = "<group>"; };
		0277106223F99F690038A144 /* play.rectangle.fill.svg */ = {isa = PBXFileReference; fileEncoding = 4; lastKnownFileType = text.xml; path = play.rectangle.fill.svg; sourceTree = "<group>"; };
		0277106323F99F690038A144 /* play.rectangle.svg */ = {isa = PBXFileReference; fileEncoding = 4; lastKnownFileType = text.xml; path = play.rectangle.svg; sourceTree = "<group>"; };
		0277106823FC9B810038A144 /* DirectoryNavigatorCell.xib */ = {isa = PBXFileReference; lastKnownFileType = file.xib; path = DirectoryNavigatorCell.xib; sourceTree = "<group>"; };
		0277106A23FC9BF60038A144 /* DirectoryInspectorView.xib */ = {isa = PBXFileReference; lastKnownFileType = file.xib; path = DirectoryInspectorView.xib; sourceTree = "<group>"; };
		0277106C23FDEFA10038A144 /* DirectoryNavigatorController.swift */ = {isa = PBXFileReference; lastKnownFileType = sourcecode.swift; path = DirectoryNavigatorController.swift; sourceTree = "<group>"; };
		0277106E23FDEFC90038A144 /* DirectoryGeneratorAttributesInspector.swift */ = {isa = PBXFileReference; lastKnownFileType = sourcecode.swift; path = DirectoryGeneratorAttributesInspector.swift; sourceTree = "<group>"; };
		0277107023FF4CA00038A144 /* ImageDirectoryGeneratorPlugin.swift */ = {isa = PBXFileReference; lastKnownFileType = sourcecode.swift; path = ImageDirectoryGeneratorPlugin.swift; sourceTree = "<group>"; };
		02771072240098080038A144 /* NavigationController.swift */ = {isa = PBXFileReference; lastKnownFileType = sourcecode.swift; path = NavigationController.swift; sourceTree = "<group>"; };
		02D975602403397D007B3EA7 /* DefaultPipeline.swift */ = {isa = PBXFileReference; lastKnownFileType = sourcecode.swift; path = DefaultPipeline.swift; sourceTree = "<group>"; };
		02D9756224034B3C007B3EA7 /* PluginProvider.swift */ = {isa = PBXFileReference; lastKnownFileType = sourcecode.swift; path = PluginProvider.swift; sourceTree = "<group>"; };
		02D97564240838C8007B3EA7 /* ProcessorComponent.swift */ = {isa = PBXFileReference; lastKnownFileType = sourcecode.swift; path = ProcessorComponent.swift; sourceTree = "<group>"; };
		02D975662408399D007B3EA7 /* GeneratorComponent.swift */ = {isa = PBXFileReference; lastKnownFileType = sourcecode.swift; path = GeneratorComponent.swift; sourceTree = "<group>"; };
		02D97568240839AF007B3EA7 /* TransformerComponent.swift */ = {isa = PBXFileReference; lastKnownFileType = sourcecode.swift; path = TransformerComponent.swift; sourceTree = "<group>"; };
		02D9756A240839E1007B3EA7 /* SerializerComponent.swift */ = {isa = PBXFileReference; lastKnownFileType = sourcecode.swift; path = SerializerComponent.swift; sourceTree = "<group>"; };
		02D9756C24083CBB007B3EA7 /* ImageDirectoryGenerator.swift */ = {isa = PBXFileReference; lastKnownFileType = sourcecode.swift; path = ImageDirectoryGenerator.swift; sourceTree = "<group>"; };
		02D9757224088A1E007B3EA7 /* InspectorController.swift */ = {isa = PBXFileReference; lastKnownFileType = sourcecode.swift; path = InspectorController.swift; sourceTree = "<group>"; };
/* End PBXFileReference section */

/* Begin PBXFrameworksBuildPhase section */
		021C7BA423F71348009B4F3A /* Frameworks */ = {
			isa = PBXFrameworksBuildPhase;
			buildActionMask = 2147483647;
			files = (
				0277100623F858660038A144 /* AstroImagerPlugin.framework in Frameworks */,
				0277103323F858CD0038A144 /* AstroImager.framework in Frameworks */,
			);
			runOnlyForDeploymentPostprocessing = 0;
		};
		021C7BBC23F7134A009B4F3A /* Frameworks */ = {
			isa = PBXFrameworksBuildPhase;
			buildActionMask = 2147483647;
			files = (
			);
			runOnlyForDeploymentPostprocessing = 0;
		};
		02770FE123F857760038A144 /* Frameworks */ = {
			isa = PBXFrameworksBuildPhase;
			buildActionMask = 2147483647;
			files = (
				0277104C23F859A80038A144 /* AstroImagerPlugin.framework in Frameworks */,
				0277104F23F859AA0038A144 /* AstroImager.framework in Frameworks */,
			);
			runOnlyForDeploymentPostprocessing = 0;
		};
		02770FEE23F858650038A144 /* Frameworks */ = {
			isa = PBXFrameworksBuildPhase;
			buildActionMask = 2147483647;
			files = (
				0277103E23F859020038A144 /* AstroImager.framework in Frameworks */,
			);
			runOnlyForDeploymentPostprocessing = 0;
		};
		02770FF623F858660038A144 /* Frameworks */ = {
			isa = PBXFrameworksBuildPhase;
			buildActionMask = 2147483647;
			files = (
				02770FFA23F858660038A144 /* AstroImagerPlugin.framework in Frameworks */,
			);
			runOnlyForDeploymentPostprocessing = 0;
		};
		0277101B23F858CD0038A144 /* Frameworks */ = {
			isa = PBXFrameworksBuildPhase;
			buildActionMask = 2147483647;
			files = (
			);
			runOnlyForDeploymentPostprocessing = 0;
		};
		0277102323F858CD0038A144 /* Frameworks */ = {
			isa = PBXFrameworksBuildPhase;
			buildActionMask = 2147483647;
			files = (
				0277102723F858CD0038A144 /* AstroImager.framework in Frameworks */,
			);
			runOnlyForDeploymentPostprocessing = 0;
		};
/* End PBXFrameworksBuildPhase section */

/* Begin PBXGroup section */
		021C7B9E23F71348009B4F3A = {
			isa = PBXGroup;
			children = (
				021C7BA923F71348009B4F3A /* Astro Imager */,
				021C7BC223F7134A009B4F3A /* Astro ImagerTests */,
				02770FE523F857760038A144 /* ImageDirectoryGeneratorPlugin */,
				02770FF223F858650038A144 /* AstroImagerPlugin */,
				02770FFF23F858660038A144 /* AstroImagerPluginTests */,
				0277101F23F858CD0038A144 /* AstroImager */,
				0277102C23F858CD0038A144 /* AstroImagerTests */,
				021C7BA823F71348009B4F3A /* Products */,
				0277103D23F859020038A144 /* Frameworks */,
			);
			sourceTree = "<group>";
		};
		021C7BA823F71348009B4F3A /* Products */ = {
			isa = PBXGroup;
			children = (
				021C7BA723F71348009B4F3A /* Astro Imager.app */,
				021C7BBF23F7134A009B4F3A /* Astro ImagerTests.xctest */,
				02770FE423F857760038A144 /* ImageDirectoryGeneratorPlugin.plugin */,
				02770FF123F858650038A144 /* AstroImagerPlugin.framework */,
				02770FF923F858660038A144 /* AstroImagerPluginTests.xctest */,
				0277101E23F858CD0038A144 /* AstroImager.framework */,
				0277102623F858CD0038A144 /* AstroImagerTests.xctest */,
			);
			name = Products;
			sourceTree = "<group>";
		};
		021C7BA923F71348009B4F3A /* Astro Imager */ = {
			isa = PBXGroup;
			children = (
				021C7BCE23F71357009B4F3A /* Model */,
				021C7BCF23F71368009B4F3A /* View */,
				021C7BD023F71374009B4F3A /* Controller */,
				021C7BB423F7134A009B4F3A /* Assets.xcassets */,
				021C7BB923F7134A009B4F3A /* Info.plist */,
				0277106123F99F690038A144 /* resources */,
				021C7BBA23F7134A009B4F3A /* Astro_Imager.entitlements */,
			);
			path = "Astro Imager";
			sourceTree = "<group>";
		};
		021C7BC223F7134A009B4F3A /* Astro ImagerTests */ = {
			isa = PBXGroup;
			children = (
				021C7BC323F7134A009B4F3A /* Astro_ImagerTests.swift */,
				021C7BC523F7134A009B4F3A /* Info.plist */,
			);
			path = "Astro ImagerTests";
			sourceTree = "<group>";
		};
		021C7BCE23F71357009B4F3A /* Model */ = {
			isa = PBXGroup;
			children = (
				02770FC423F845210038A144 /* DAO */,
			);
			path = Model;
			sourceTree = "<group>";
		};
		021C7BCF23F71368009B4F3A /* View */ = {
			isa = PBXGroup;
			children = (
				021C7BAE23F71348009B4F3A /* Project.xib */,
				021C7BB623F7134A009B4F3A /* MainMenu.xib */,
			);
			path = View;
			sourceTree = "<group>";
		};
		021C7BD023F71374009B4F3A /* Controller */ = {
			isa = PBXGroup;
			children = (
				021C7BAA23F71348009B4F3A /* AppDelegate.swift */,
				021C7BAC23F71348009B4F3A /* Project.swift */,
				02771072240098080038A144 /* NavigationController.swift */,
				02D9757224088A1E007B3EA7 /* InspectorController.swift */,
			);
			path = Controller;
			sourceTree = "<group>";
		};
		021C7C1D23F77D9B009B4F3A /* Pipeline  */ = {
			isa = PBXGroup;
			children = (
				02770FC223F841ED0038A144 /* Pipeline.swift */,
				021C7C2023F781D1009B4F3A /* Processor.swift */,
				021C7C1E23F78167009B4F3A /* Generator.swift */,
				02770F7723F83F970038A144 /* Transformer.swift */,
				02770F6F23F838710038A144 /* Serializer.swift */,
			);
			path = "Pipeline ";
			sourceTree = "<group>";
		};
		02770FC123F841820038A144 /* CoreDataProperties */ = {
			isa = PBXGroup;
			children = (
				02770F7A23F841330038A144 /* TransformerDAO+CoreDataProperties.swift */,
				02770F7C23F841330038A144 /* IntegerPropertyDAO+CoreDataProperties.swift */,
				02770F7E23F841330038A144 /* GeneratorDAO+CoreDataProperties.swift */,
				02770F8023F841330038A144 /* PipelineDAO+CoreDataProperties.swift */,
				02770F8223F841330038A144 /* ProcessorDAO+CoreDataProperties.swift */,
				02770F8423F841330038A144 /* BooleanPropertyDAO+CoreDataProperties.swift */,
				02770F8623F841330038A144 /* SerializerDAO+CoreDataProperties.swift */,
				02770F8823F841330038A144 /* ImageTransformDAO+CoreDataProperties.swift */,
				02770F8A23F841330038A144 /* StackedImageDAO+CoreDataProperties.swift */,
				02770F8C23F841330038A144 /* StringPropertyDAO+CoreDataProperties.swift */,
				02770F8E23F841330038A144 /* URIPropertyDAO+CoreDataProperties.swift */,
				02770F9023F841330038A144 /* AstroImageDAO+CoreDataProperties.swift */,
				02770F9223F841330038A144 /* DoublePropertyDAO+CoreDataProperties.swift */,
				02770F9423F841330038A144 /* DatePropertyDAO+CoreDataProperties.swift */,
				02770F9623F841330038A144 /* ImageSetDAO+CoreDataProperties.swift */,
				02770F9823F841330038A144 /* PropertyDAO+CoreDataProperties.swift */,
				02770F9A23F841330038A144 /* DataPropertyDAO+CoreDataProperties.swift */,
				02770F9C23F841330038A144 /* CelestialPositionDAO+CoreDataProperties.swift */,
			);
			path = CoreDataProperties;
			sourceTree = "<group>";
		};
		02770FC423F845210038A144 /* DAO */ = {
			isa = PBXGroup;
			children = (
				021C7BB123F71348009B4F3A /* Project.xcdatamodeld */,
				02770FC123F841820038A144 /* CoreDataProperties */,
				02770F7923F841330038A144 /* TransformerDAO+CoreDataClass.swift */,
				02770F7B23F841330038A144 /* IntegerPropertyDAO+CoreDataClass.swift */,
				02770F7D23F841330038A144 /* GeneratorDAO+CoreDataClass.swift */,
				02770F7F23F841330038A144 /* PipelineDAO+CoreDataClass.swift */,
				02770F8123F841330038A144 /* ProcessorDAO+CoreDataClass.swift */,
				02770F8323F841330038A144 /* BooleanPropertyDAO+CoreDataClass.swift */,
				02770F8523F841330038A144 /* SerializerDAO+CoreDataClass.swift */,
				02770F8723F841330038A144 /* ImageTransformDAO+CoreDataClass.swift */,
				02770F8923F841330038A144 /* StackedImageDAO+CoreDataClass.swift */,
				02770F8B23F841330038A144 /* StringPropertyDAO+CoreDataClass.swift */,
				02770F8D23F841330038A144 /* URIPropertyDAO+CoreDataClass.swift */,
				02770F8F23F841330038A144 /* AstroImageDAO+CoreDataClass.swift */,
				02770F9123F841330038A144 /* DoublePropertyDAO+CoreDataClass.swift */,
				02770F9323F841330038A144 /* DatePropertyDAO+CoreDataClass.swift */,
				02770F9523F841330038A144 /* ImageSetDAO+CoreDataClass.swift */,
				02770F9723F841330038A144 /* PropertyDAO+CoreDataClass.swift */,
				02770F9923F841330038A144 /* DataPropertyDAO+CoreDataClass.swift */,
				02770F9B23F841330038A144 /* CelestialPositionDAO+CoreDataClass.swift */,
			);
			path = DAO;
			sourceTree = "<group>";
		};
		02770FE523F857760038A144 /* ImageDirectoryGeneratorPlugin */ = {
			isa = PBXGroup;
			children = (
				0277105F23F8CA590038A144 /* plugin.plist */,
				02770FE623F857760038A144 /* Info.plist */,
				0277107023FF4CA00038A144 /* ImageDirectoryGeneratorPlugin.swift */,
				02770FEA23F857A50038A144 /* ImageDirectoryGeneratorComponent.swift */,
				02D9756C24083CBB007B3EA7 /* ImageDirectoryGenerator.swift */,
				0277106C23FDEFA10038A144 /* DirectoryNavigatorController.swift */,
				0277106E23FDEFC90038A144 /* DirectoryGeneratorAttributesInspector.swift */,
				0277106823FC9B810038A144 /* DirectoryNavigatorCell.xib */,
				0277106A23FC9BF60038A144 /* DirectoryInspectorView.xib */,
			);
			path = ImageDirectoryGeneratorPlugin;
			sourceTree = "<group>";
		};
		02770FF223F858650038A144 /* AstroImagerPlugin */ = {
			isa = PBXGroup;
			children = (
				0277105D23F8C1EA0038A144 /* MetaPlugin.swift */,
				0277105B23F8C1630038A144 /* AstroImagerPlugin.swift */,
				02D97564240838C8007B3EA7 /* ProcessorComponent.swift */,
				02D975662408399D007B3EA7 /* GeneratorComponent.swift */,
				02D97568240839AF007B3EA7 /* TransformerComponent.swift */,
				02D9756A240839E1007B3EA7 /* SerializerComponent.swift */,
				02D9756224034B3C007B3EA7 /* PluginProvider.swift */,
				02D975602403397D007B3EA7 /* DefaultPipeline.swift */,
				02770FF323F858650038A144 /* AstroImagerPlugin.h */,
				02770FF423F858650038A144 /* Info.plist */,
			);
			path = AstroImagerPlugin;
			sourceTree = "<group>";
		};
		02770FFF23F858660038A144 /* AstroImagerPluginTests */ = {
			isa = PBXGroup;
			children = (
				0277100023F858660038A144 /* AstroImagerPluginTests.swift */,
				0277100223F858660038A144 /* Info.plist */,
			);
			path = AstroImagerPluginTests;
			sourceTree = "<group>";
		};
		0277101F23F858CD0038A144 /* AstroImager */ = {
			isa = PBXGroup;
			children = (
				0277105A23F8C1100038A144 /* Images */,
				0277105923F8C0F90038A144 /* Viewer */,
				021C7C1D23F77D9B009B4F3A /* Pipeline  */,
				0277102023F858CD0038A144 /* AstroImager.h */,
				0277102123F858CD0038A144 /* Info.plist */,
			);
			path = AstroImager;
			sourceTree = "<group>";
		};
		0277102C23F858CD0038A144 /* AstroImagerTests */ = {
			isa = PBXGroup;
			children = (
				0277102D23F858CD0038A144 /* AstroImagerTests.swift */,
				0277102F23F858CD0038A144 /* Info.plist */,
			);
			path = AstroImagerTests;
			sourceTree = "<group>";
		};
		0277103D23F859020038A144 /* Frameworks */ = {
			isa = PBXGroup;
			children = (
			);
			name = Frameworks;
			sourceTree = "<group>";
		};
		0277105923F8C0F90038A144 /* Viewer */ = {
			isa = PBXGroup;
			children = (
				02770F7123F838AF0038A144 /* Viewer.swift */,
				02770F7323F83A5C0038A144 /* ImageViewer.swift */,
				02770F7523F83B1D0038A144 /* ImageViewerLayer.swift */,
			);
			path = Viewer;
			sourceTree = "<group>";
		};
		0277105A23F8C1100038A144 /* Images */ = {
			isa = PBXGroup;
			children = (
				02770FC723F846ED0038A144 /* AstroImage.swift */,
				02770FC523F8453C0038A144 /* ImageSet.swift */,
			);
			path = Images;
			sourceTree = "<group>";
		};
		0277106123F99F690038A144 /* resources */ = {
			isa = PBXGroup;
			children = (
				0277106223F99F690038A144 /* play.rectangle.fill.svg */,
				0277106323F99F690038A144 /* play.rectangle.svg */,
			);
			path = resources;
			sourceTree = "<group>";
		};
/* End PBXGroup section */

/* Begin PBXHeadersBuildPhase section */
		02770FEC23F858650038A144 /* Headers */ = {
			isa = PBXHeadersBuildPhase;
			buildActionMask = 2147483647;
			files = (
				0277100323F858660038A144 /* AstroImagerPlugin.h in Headers */,
			);
			runOnlyForDeploymentPostprocessing = 0;
		};
		0277101923F858CD0038A144 /* Headers */ = {
			isa = PBXHeadersBuildPhase;
			buildActionMask = 2147483647;
			files = (
				0277103023F858CD0038A144 /* AstroImager.h in Headers */,
			);
			runOnlyForDeploymentPostprocessing = 0;
		};
/* End PBXHeadersBuildPhase section */

/* Begin PBXNativeTarget section */
		021C7BA623F71348009B4F3A /* Astro Imager */ = {
			isa = PBXNativeTarget;
			buildConfigurationList = 021C7BC823F7134A009B4F3A /* Build configuration list for PBXNativeTarget "Astro Imager" */;
			buildPhases = (
				021C7BA323F71348009B4F3A /* Sources */,
				021C7BA423F71348009B4F3A /* Frameworks */,
				021C7BA523F71348009B4F3A /* Resources */,
				0277100B23F858660038A144 /* Embed Frameworks */,
			);
			buildRules = (
			);
			dependencies = (
				0277100523F858660038A144 /* PBXTargetDependency */,
				0277103223F858CD0038A144 /* PBXTargetDependency */,
			);
			name = "Astro Imager";
			productName = "Astro Imager";
			productReference = 021C7BA723F71348009B4F3A /* Astro Imager.app */;
			productType = "com.apple.product-type.application";
		};
		021C7BBE23F7134A009B4F3A /* Astro ImagerTests */ = {
			isa = PBXNativeTarget;
			buildConfigurationList = 021C7BCB23F7134A009B4F3A /* Build configuration list for PBXNativeTarget "Astro ImagerTests" */;
			buildPhases = (
				021C7BBB23F7134A009B4F3A /* Sources */,
				021C7BBC23F7134A009B4F3A /* Frameworks */,
				021C7BBD23F7134A009B4F3A /* Resources */,
			);
			buildRules = (
			);
			dependencies = (
				021C7BC123F7134A009B4F3A /* PBXTargetDependency */,
			);
			name = "Astro ImagerTests";
			productName = "Astro ImagerTests";
			productReference = 021C7BBF23F7134A009B4F3A /* Astro ImagerTests.xctest */;
			productType = "com.apple.product-type.bundle.unit-test";
		};
		02770FE323F857760038A144 /* ImageDirectoryGeneratorPlugin */ = {
			isa = PBXNativeTarget;
			buildConfigurationList = 02770FE723F857760038A144 /* Build configuration list for PBXNativeTarget "ImageDirectoryGeneratorPlugin" */;
			buildPhases = (
				02770FE023F857760038A144 /* Sources */,
				02770FE123F857760038A144 /* Frameworks */,
				02770FE223F857760038A144 /* Resources */,
			);
			buildRules = (
			);
			dependencies = (
				0277104623F8592F0038A144 /* PBXTargetDependency */,
				0277104A23F8592F0038A144 /* PBXTargetDependency */,
			);
			name = ImageDirectoryGeneratorPlugin;
			productName = ImageDirectoryGeneratorPlugin;
			productReference = 02770FE423F857760038A144 /* ImageDirectoryGeneratorPlugin.plugin */;
			productType = "com.apple.product-type.bundle";
		};
		02770FF023F858650038A144 /* AstroImagerPlugin */ = {
			isa = PBXNativeTarget;
			buildConfigurationList = 0277100823F858660038A144 /* Build configuration list for PBXNativeTarget "AstroImagerPlugin" */;
			buildPhases = (
				02770FEC23F858650038A144 /* Headers */,
				02770FED23F858650038A144 /* Sources */,
				02770FEE23F858650038A144 /* Frameworks */,
				02770FEF23F858650038A144 /* Resources */,
				0277104223F859020038A144 /* Embed Frameworks */,
			);
			buildRules = (
			);
			dependencies = (
				0277104123F859020038A144 /* PBXTargetDependency */,
			);
			name = AstroImagerPlugin;
			productName = AstroImagerPlugin;
			productReference = 02770FF123F858650038A144 /* AstroImagerPlugin.framework */;
			productType = "com.apple.product-type.framework";
		};
		02770FF823F858660038A144 /* AstroImagerPluginTests */ = {
			isa = PBXNativeTarget;
			buildConfigurationList = 0277100C23F858660038A144 /* Build configuration list for PBXNativeTarget "AstroImagerPluginTests" */;
			buildPhases = (
				02770FF523F858660038A144 /* Sources */,
				02770FF623F858660038A144 /* Frameworks */,
				02770FF723F858660038A144 /* Resources */,
			);
			buildRules = (
			);
			dependencies = (
				02770FFC23F858660038A144 /* PBXTargetDependency */,
				02770FFE23F858660038A144 /* PBXTargetDependency */,
			);
			name = AstroImagerPluginTests;
			productName = AstroImagerPluginTests;
			productReference = 02770FF923F858660038A144 /* AstroImagerPluginTests.xctest */;
			productType = "com.apple.product-type.bundle.unit-test";
		};
		0277101D23F858CD0038A144 /* AstroImager */ = {
			isa = PBXNativeTarget;
			buildConfigurationList = 0277103523F858CD0038A144 /* Build configuration list for PBXNativeTarget "AstroImager" */;
			buildPhases = (
				0277101923F858CD0038A144 /* Headers */,
				0277101A23F858CD0038A144 /* Sources */,
				0277101B23F858CD0038A144 /* Frameworks */,
				0277101C23F858CD0038A144 /* Resources */,
			);
			buildRules = (
			);
			dependencies = (
			);
			name = AstroImager;
			productName = AstroImager;
			productReference = 0277101E23F858CD0038A144 /* AstroImager.framework */;
			productType = "com.apple.product-type.framework";
		};
		0277102523F858CD0038A144 /* AstroImagerTests */ = {
			isa = PBXNativeTarget;
			buildConfigurationList = 0277103823F858CD0038A144 /* Build configuration list for PBXNativeTarget "AstroImagerTests" */;
			buildPhases = (
				0277102223F858CD0038A144 /* Sources */,
				0277102323F858CD0038A144 /* Frameworks */,
				0277102423F858CD0038A144 /* Resources */,
			);
			buildRules = (
			);
			dependencies = (
				0277102923F858CD0038A144 /* PBXTargetDependency */,
				0277102B23F858CD0038A144 /* PBXTargetDependency */,
			);
			name = AstroImagerTests;
			productName = AstroImagerTests;
			productReference = 0277102623F858CD0038A144 /* AstroImagerTests.xctest */;
			productType = "com.apple.product-type.bundle.unit-test";
		};
/* End PBXNativeTarget section */

/* Begin PBXProject section */
		021C7B9F23F71348009B4F3A /* Project object */ = {
			isa = PBXProject;
			attributes = {
				LastSwiftUpdateCheck = 1130;
				LastUpgradeCheck = 1130;
				ORGANIZATIONNAME = lapsedpacifist;
				TargetAttributes = {
					021C7BA623F71348009B4F3A = {
						CreatedOnToolsVersion = 11.3.1;
					};
					021C7BBE23F7134A009B4F3A = {
						CreatedOnToolsVersion = 11.3.1;
						TestTargetID = 021C7BA623F71348009B4F3A;
					};
					02770FE323F857760038A144 = {
						CreatedOnToolsVersion = 11.3.1;
						LastSwiftMigration = 1130;
					};
					02770FF023F858650038A144 = {
						CreatedOnToolsVersion = 11.3.1;
						LastSwiftMigration = 1130;
					};
					02770FF823F858660038A144 = {
						CreatedOnToolsVersion = 11.3.1;
						TestTargetID = 021C7BA623F71348009B4F3A;
					};
					0277101D23F858CD0038A144 = {
						CreatedOnToolsVersion = 11.3.1;
					};
					0277102523F858CD0038A144 = {
						CreatedOnToolsVersion = 11.3.1;
						TestTargetID = 021C7BA623F71348009B4F3A;
					};
				};
			};
			buildConfigurationList = 021C7BA223F71348009B4F3A /* Build configuration list for PBXProject "Astro Imager" */;
			compatibilityVersion = "Xcode 9.3";
			developmentRegion = en;
			hasScannedForEncodings = 0;
			knownRegions = (
				en,
				Base,
			);
			mainGroup = 021C7B9E23F71348009B4F3A;
			productRefGroup = 021C7BA823F71348009B4F3A /* Products */;
			projectDirPath = "";
			projectRoot = "";
			targets = (
				021C7BA623F71348009B4F3A /* Astro Imager */,
				021C7BBE23F7134A009B4F3A /* Astro ImagerTests */,
				02770FF023F858650038A144 /* AstroImagerPlugin */,
				02770FF823F858660038A144 /* AstroImagerPluginTests */,
				0277101D23F858CD0038A144 /* AstroImager */,
				0277102523F858CD0038A144 /* AstroImagerTests */,
				02770FE323F857760038A144 /* ImageDirectoryGeneratorPlugin */,
			);
		};
/* End PBXProject section */

/* Begin PBXResourcesBuildPhase section */
		021C7BA523F71348009B4F3A /* Resources */ = {
			isa = PBXResourcesBuildPhase;
			buildActionMask = 2147483647;
			files = (
				021C7BB523F7134A009B4F3A /* Assets.xcassets in Resources */,
				0277106523F99F6A0038A144 /* play.rectangle.svg in Resources */,
				021C7BB023F71348009B4F3A /* Project.xib in Resources */,
				021C7BB823F7134A009B4F3A /* MainMenu.xib in Resources */,
				0277106423F99F6A0038A144 /* play.rectangle.fill.svg in Resources */,
			);
			runOnlyForDeploymentPostprocessing = 0;
		};
		021C7BBD23F7134A009B4F3A /* Resources */ = {
			isa = PBXResourcesBuildPhase;
			buildActionMask = 2147483647;
			files = (
			);
			runOnlyForDeploymentPostprocessing = 0;
		};
		02770FE223F857760038A144 /* Resources */ = {
			isa = PBXResourcesBuildPhase;
			buildActionMask = 2147483647;
			files = (
				0277106023F8CA590038A144 /* plugin.plist in Resources */,
				0277106B23FC9BF60038A144 /* DirectoryInspectorView.xib in Resources */,
				0277106923FC9B810038A144 /* DirectoryNavigatorCell.xib in Resources */,
			);
			runOnlyForDeploymentPostprocessing = 0;
		};
		02770FEF23F858650038A144 /* Resources */ = {
			isa = PBXResourcesBuildPhase;
			buildActionMask = 2147483647;
			files = (
			);
			runOnlyForDeploymentPostprocessing = 0;
		};
		02770FF723F858660038A144 /* Resources */ = {
			isa = PBXResourcesBuildPhase;
			buildActionMask = 2147483647;
			files = (
			);
			runOnlyForDeploymentPostprocessing = 0;
		};
		0277101C23F858CD0038A144 /* Resources */ = {
			isa = PBXResourcesBuildPhase;
			buildActionMask = 2147483647;
			files = (
			);
			runOnlyForDeploymentPostprocessing = 0;
		};
		0277102423F858CD0038A144 /* Resources */ = {
			isa = PBXResourcesBuildPhase;
			buildActionMask = 2147483647;
			files = (
			);
			runOnlyForDeploymentPostprocessing = 0;
		};
/* End PBXResourcesBuildPhase section */

/* Begin PBXSourcesBuildPhase section */
		021C7BA323F71348009B4F3A /* Sources */ = {
			isa = PBXSourcesBuildPhase;
			buildActionMask = 2147483647;
			files = (
				02770FB623F841330038A144 /* DoublePropertyDAO+CoreDataProperties.swift in Sources */,
				02770FAF23F841330038A144 /* StringPropertyDAO+CoreDataClass.swift in Sources */,
				02770FA023F841330038A144 /* IntegerPropertyDAO+CoreDataProperties.swift in Sources */,
				02770FA323F841330038A144 /* PipelineDAO+CoreDataClass.swift in Sources */,
				02770FBB23F841330038A144 /* PropertyDAO+CoreDataClass.swift in Sources */,
				02770FA823F841330038A144 /* BooleanPropertyDAO+CoreDataProperties.swift in Sources */,
				02770FA123F841330038A144 /* GeneratorDAO+CoreDataClass.swift in Sources */,
				02770FB523F841330038A144 /* DoublePropertyDAO+CoreDataClass.swift in Sources */,
				02770F9E23F841330038A144 /* TransformerDAO+CoreDataProperties.swift in Sources */,
				02770FB223F841330038A144 /* URIPropertyDAO+CoreDataProperties.swift in Sources */,
				02770FA423F841330038A144 /* PipelineDAO+CoreDataProperties.swift in Sources */,
				02770FA723F841330038A144 /* BooleanPropertyDAO+CoreDataClass.swift in Sources */,
				02770FA523F841330038A144 /* ProcessorDAO+CoreDataClass.swift in Sources */,
				02770FB423F841330038A144 /* AstroImageDAO+CoreDataProperties.swift in Sources */,
				02770FAD23F841330038A144 /* StackedImageDAO+CoreDataClass.swift in Sources */,
				02770FB823F841330038A144 /* DatePropertyDAO+CoreDataProperties.swift in Sources */,
				02770FAA23F841330038A144 /* SerializerDAO+CoreDataProperties.swift in Sources */,
				02771073240098080038A144 /* NavigationController.swift in Sources */,
				02770FAE23F841330038A144 /* StackedImageDAO+CoreDataProperties.swift in Sources */,
				02770FBE23F841330038A144 /* DataPropertyDAO+CoreDataProperties.swift in Sources */,
				02770FA923F841330038A144 /* SerializerDAO+CoreDataClass.swift in Sources */,
				02770FA223F841330038A144 /* GeneratorDAO+CoreDataProperties.swift in Sources */,
				021C7BB323F71348009B4F3A /* Project.xcdatamodeld in Sources */,
				02770FA623F841330038A144 /* ProcessorDAO+CoreDataProperties.swift in Sources */,
				02770F9F23F841330038A144 /* IntegerPropertyDAO+CoreDataClass.swift in Sources */,
				02770FAC23F841330038A144 /* ImageTransformDAO+CoreDataProperties.swift in Sources */,
				02D9757324088A1E007B3EA7 /* InspectorController.swift in Sources */,
				02770FAB23F841330038A144 /* ImageTransformDAO+CoreDataClass.swift in Sources */,
				02770FB023F841330038A144 /* StringPropertyDAO+CoreDataProperties.swift in Sources */,
				02770F9D23F841330038A144 /* TransformerDAO+CoreDataClass.swift in Sources */,
				021C7BAD23F71348009B4F3A /* Project.swift in Sources */,
				02770FB723F841330038A144 /* DatePropertyDAO+CoreDataClass.swift in Sources */,
				02770FB323F841330038A144 /* AstroImageDAO+CoreDataClass.swift in Sources */,
				02770FBC23F841330038A144 /* PropertyDAO+CoreDataProperties.swift in Sources */,
				02770FB123F841330038A144 /* URIPropertyDAO+CoreDataClass.swift in Sources */,
				021C7BAB23F71348009B4F3A /* AppDelegate.swift in Sources */,
				02770FBA23F841330038A144 /* ImageSetDAO+CoreDataProperties.swift in Sources */,
				02770FB923F841330038A144 /* ImageSetDAO+CoreDataClass.swift in Sources */,
				02770FC023F841330038A144 /* CelestialPositionDAO+CoreDataProperties.swift in Sources */,
				02770FBF23F841330038A144 /* CelestialPositionDAO+CoreDataClass.swift in Sources */,
				02770FBD23F841330038A144 /* DataPropertyDAO+CoreDataClass.swift in Sources */,
			);
			runOnlyForDeploymentPostprocessing = 0;
		};
		021C7BBB23F7134A009B4F3A /* Sources */ = {
			isa = PBXSourcesBuildPhase;
			buildActionMask = 2147483647;
			files = (
				021C7BC423F7134A009B4F3A /* Astro_ImagerTests.swift in Sources */,
			);
			runOnlyForDeploymentPostprocessing = 0;
		};
		02770FE023F857760038A144 /* Sources */ = {
			isa = PBXSourcesBuildPhase;
			buildActionMask = 2147483647;
			files = (
				0277107123FF4CA00038A144 /* ImageDirectoryGeneratorPlugin.swift in Sources */,
				02D9756D24083CBB007B3EA7 /* ImageDirectoryGenerator.swift in Sources */,
				02770FEB23F857A50038A144 /* ImageDirectoryGeneratorComponent.swift in Sources */,
				0277106D23FDEFA10038A144 /* DirectoryNavigatorController.swift in Sources */,
				0277106F23FDEFC90038A144 /* DirectoryGeneratorAttributesInspector.swift in Sources */,
			);
			runOnlyForDeploymentPostprocessing = 0;
		};
		02770FED23F858650038A144 /* Sources */ = {
			isa = PBXSourcesBuildPhase;
			buildActionMask = 2147483647;
			files = (
				0277105C23F8C1630038A144 /* AstroImagerPlugin.swift in Sources */,
				02D97569240839AF007B3EA7 /* TransformerComponent.swift in Sources */,
				02D975672408399D007B3EA7 /* GeneratorComponent.swift in Sources */,
				02D9756B240839E1007B3EA7 /* SerializerComponent.swift in Sources */,
				02D97565240838C8007B3EA7 /* ProcessorComponent.swift in Sources */,
				02D975712408429E007B3EA7 /* DefaultPipeline.swift in Sources */,
				0277105E23F8C1EA0038A144 /* MetaPlugin.swift in Sources */,
				02D9756E24084136007B3EA7 /* PluginProvider.swift in Sources */,
			);
			runOnlyForDeploymentPostprocessing = 0;
		};
		02770FF523F858660038A144 /* Sources */ = {
			isa = PBXSourcesBuildPhase;
			buildActionMask = 2147483647;
			files = (
				0277100123F858660038A144 /* AstroImagerPluginTests.swift in Sources */,
			);
			runOnlyForDeploymentPostprocessing = 0;
		};
		0277101A23F858CD0038A144 /* Sources */ = {
			isa = PBXSourcesBuildPhase;
			buildActionMask = 2147483647;
			files = (
				0277105123F8C0D70038A144 /* Pipeline.swift in Sources */,
				0277105623F8C0DC0038A144 /* Viewer.swift in Sources */,
				0277105423F8C0DC0038A144 /* Transformer.swift in Sources */,
				0277105823F8C0DC0038A144 /* ImageViewerLayer.swift in Sources */,
				0277103C23F858DB0038A144 /* ImageSet.swift in Sources */,
				0277105523F8C0DC0038A144 /* Serializer.swift in Sources */,
				0277105223F8C0DC0038A144 /* Processor.swift in Sources */,
				0277105723F8C0DC0038A144 /* ImageViewer.swift in Sources */,
				0277103B23F858DB0038A144 /* AstroImage.swift in Sources */,
				0277105323F8C0DC0038A144 /* Generator.swift in Sources */,
			);
			runOnlyForDeploymentPostprocessing = 0;
		};
		0277102223F858CD0038A144 /* Sources */ = {
			isa = PBXSourcesBuildPhase;
			buildActionMask = 2147483647;
			files = (
				0277102E23F858CD0038A144 /* AstroImagerTests.swift in Sources */,
			);
			runOnlyForDeploymentPostprocessing = 0;
		};
/* End PBXSourcesBuildPhase section */

/* Begin PBXTargetDependency section */
		021C7BC123F7134A009B4F3A /* PBXTargetDependency */ = {
			isa = PBXTargetDependency;
			target = 021C7BA623F71348009B4F3A /* Astro Imager */;
			targetProxy = 021C7BC023F7134A009B4F3A /* PBXContainerItemProxy */;
		};
		02770FFC23F858660038A144 /* PBXTargetDependency */ = {
			isa = PBXTargetDependency;
			target = 02770FF023F858650038A144 /* AstroImagerPlugin */;
			targetProxy = 02770FFB23F858660038A144 /* PBXContainerItemProxy */;
		};
		02770FFE23F858660038A144 /* PBXTargetDependency */ = {
			isa = PBXTargetDependency;
			target = 021C7BA623F71348009B4F3A /* Astro Imager */;
			targetProxy = 02770FFD23F858660038A144 /* PBXContainerItemProxy */;
		};
		0277100523F858660038A144 /* PBXTargetDependency */ = {
			isa = PBXTargetDependency;
			target = 02770FF023F858650038A144 /* AstroImagerPlugin */;
			targetProxy = 0277100423F858660038A144 /* PBXContainerItemProxy */;
		};
		0277102923F858CD0038A144 /* PBXTargetDependency */ = {
			isa = PBXTargetDependency;
			target = 0277101D23F858CD0038A144 /* AstroImager */;
			targetProxy = 0277102823F858CD0038A144 /* PBXContainerItemProxy */;
		};
		0277102B23F858CD0038A144 /* PBXTargetDependency */ = {
			isa = PBXTargetDependency;
			target = 021C7BA623F71348009B4F3A /* Astro Imager */;
			targetProxy = 0277102A23F858CD0038A144 /* PBXContainerItemProxy */;
		};
		0277103223F858CD0038A144 /* PBXTargetDependency */ = {
			isa = PBXTargetDependency;
			target = 0277101D23F858CD0038A144 /* AstroImager */;
			targetProxy = 0277103123F858CD0038A144 /* PBXContainerItemProxy */;
		};
		0277104123F859020038A144 /* PBXTargetDependency */ = {
			isa = PBXTargetDependency;
			target = 0277101D23F858CD0038A144 /* AstroImager */;
			targetProxy = 0277104023F859020038A144 /* PBXContainerItemProxy */;
		};
		0277104623F8592F0038A144 /* PBXTargetDependency */ = {
			isa = PBXTargetDependency;
			target = 0277101D23F858CD0038A144 /* AstroImager */;
			targetProxy = 0277104523F8592F0038A144 /* PBXContainerItemProxy */;
		};
		0277104A23F8592F0038A144 /* PBXTargetDependency */ = {
			isa = PBXTargetDependency;
			target = 02770FF023F858650038A144 /* AstroImagerPlugin */;
			targetProxy = 0277104923F8592F0038A144 /* PBXContainerItemProxy */;
		};
/* End PBXTargetDependency section */

/* Begin PBXVariantGroup section */
		021C7BAE23F71348009B4F3A /* Project.xib */ = {
			isa = PBXVariantGroup;
			children = (
				021C7BAF23F71348009B4F3A /* Base */,
			);
			name = Project.xib;
			sourceTree = "<group>";
		};
		021C7BB623F7134A009B4F3A /* MainMenu.xib */ = {
			isa = PBXVariantGroup;
			children = (
				021C7BB723F7134A009B4F3A /* Base */,
			);
			name = MainMenu.xib;
			sourceTree = "<group>";
		};
/* End PBXVariantGroup section */

/* Begin XCBuildConfiguration section */
		021C7BC623F7134A009B4F3A /* Debug */ = {
			isa = XCBuildConfiguration;
			buildSettings = {
				ALWAYS_SEARCH_USER_PATHS = NO;
				CLANG_ANALYZER_NONNULL = YES;
				CLANG_ANALYZER_NUMBER_OBJECT_CONVERSION = YES_AGGRESSIVE;
				CLANG_CXX_LANGUAGE_STANDARD = "gnu++14";
				CLANG_CXX_LIBRARY = "libc++";
				CLANG_ENABLE_MODULES = YES;
				CLANG_ENABLE_OBJC_ARC = YES;
				CLANG_ENABLE_OBJC_WEAK = YES;
				CLANG_WARN_BLOCK_CAPTURE_AUTORELEASING = YES;
				CLANG_WARN_BOOL_CONVERSION = YES;
				CLANG_WARN_COMMA = YES;
				CLANG_WARN_CONSTANT_CONVERSION = YES;
				CLANG_WARN_DEPRECATED_OBJC_IMPLEMENTATIONS = YES;
				CLANG_WARN_DIRECT_OBJC_ISA_USAGE = YES_ERROR;
				CLANG_WARN_DOCUMENTATION_COMMENTS = YES;
				CLANG_WARN_EMPTY_BODY = YES;
				CLANG_WARN_ENUM_CONVERSION = YES;
				CLANG_WARN_INFINITE_RECURSION = YES;
				CLANG_WARN_INT_CONVERSION = YES;
				CLANG_WARN_NON_LITERAL_NULL_CONVERSION = YES;
				CLANG_WARN_OBJC_IMPLICIT_RETAIN_SELF = YES;
				CLANG_WARN_OBJC_LITERAL_CONVERSION = YES;
				CLANG_WARN_OBJC_ROOT_CLASS = YES_ERROR;
				CLANG_WARN_RANGE_LOOP_ANALYSIS = YES;
				CLANG_WARN_STRICT_PROTOTYPES = YES;
				CLANG_WARN_SUSPICIOUS_MOVE = YES;
				CLANG_WARN_UNGUARDED_AVAILABILITY = YES_AGGRESSIVE;
				CLANG_WARN_UNREACHABLE_CODE = YES;
				CLANG_WARN__DUPLICATE_METHOD_MATCH = YES;
				COPY_PHASE_STRIP = NO;
				DEBUG_INFORMATION_FORMAT = dwarf;
				ENABLE_STRICT_OBJC_MSGSEND = YES;
				ENABLE_TESTABILITY = YES;
				GCC_C_LANGUAGE_STANDARD = gnu11;
				GCC_DYNAMIC_NO_PIC = NO;
				GCC_NO_COMMON_BLOCKS = YES;
				GCC_OPTIMIZATION_LEVEL = 0;
				GCC_PREPROCESSOR_DEFINITIONS = (
					"DEBUG=1",
					"$(inherited)",
				);
				GCC_WARN_64_TO_32_BIT_CONVERSION = YES;
				GCC_WARN_ABOUT_RETURN_TYPE = YES_ERROR;
				GCC_WARN_UNDECLARED_SELECTOR = YES;
				GCC_WARN_UNINITIALIZED_AUTOS = YES_AGGRESSIVE;
				GCC_WARN_UNUSED_FUNCTION = YES;
				GCC_WARN_UNUSED_VARIABLE = YES;
				MACOSX_DEPLOYMENT_TARGET = 10.15;
				MTL_ENABLE_DEBUG_INFO = INCLUDE_SOURCE;
				MTL_FAST_MATH = YES;
				ONLY_ACTIVE_ARCH = YES;
				SDKROOT = macosx;
				SWIFT_ACTIVE_COMPILATION_CONDITIONS = DEBUG;
				SWIFT_OPTIMIZATION_LEVEL = "-Onone";
			};
			name = Debug;
		};
		021C7BC723F7134A009B4F3A /* Release */ = {
			isa = XCBuildConfiguration;
			buildSettings = {
				ALWAYS_SEARCH_USER_PATHS = NO;
				CLANG_ANALYZER_NONNULL = YES;
				CLANG_ANALYZER_NUMBER_OBJECT_CONVERSION = YES_AGGRESSIVE;
				CLANG_CXX_LANGUAGE_STANDARD = "gnu++14";
				CLANG_CXX_LIBRARY = "libc++";
				CLANG_ENABLE_MODULES = YES;
				CLANG_ENABLE_OBJC_ARC = YES;
				CLANG_ENABLE_OBJC_WEAK = YES;
				CLANG_WARN_BLOCK_CAPTURE_AUTORELEASING = YES;
				CLANG_WARN_BOOL_CONVERSION = YES;
				CLANG_WARN_COMMA = YES;
				CLANG_WARN_CONSTANT_CONVERSION = YES;
				CLANG_WARN_DEPRECATED_OBJC_IMPLEMENTATIONS = YES;
				CLANG_WARN_DIRECT_OBJC_ISA_USAGE = YES_ERROR;
				CLANG_WARN_DOCUMENTATION_COMMENTS = YES;
				CLANG_WARN_EMPTY_BODY = YES;
				CLANG_WARN_ENUM_CONVERSION = YES;
				CLANG_WARN_INFINITE_RECURSION = YES;
				CLANG_WARN_INT_CONVERSION = YES;
				CLANG_WARN_NON_LITERAL_NULL_CONVERSION = YES;
				CLANG_WARN_OBJC_IMPLICIT_RETAIN_SELF = YES;
				CLANG_WARN_OBJC_LITERAL_CONVERSION = YES;
				CLANG_WARN_OBJC_ROOT_CLASS = YES_ERROR;
				CLANG_WARN_RANGE_LOOP_ANALYSIS = YES;
				CLANG_WARN_STRICT_PROTOTYPES = YES;
				CLANG_WARN_SUSPICIOUS_MOVE = YES;
				CLANG_WARN_UNGUARDED_AVAILABILITY = YES_AGGRESSIVE;
				CLANG_WARN_UNREACHABLE_CODE = YES;
				CLANG_WARN__DUPLICATE_METHOD_MATCH = YES;
				COPY_PHASE_STRIP = NO;
				DEBUG_INFORMATION_FORMAT = "dwarf-with-dsym";
				ENABLE_NS_ASSERTIONS = NO;
				ENABLE_STRICT_OBJC_MSGSEND = YES;
				GCC_C_LANGUAGE_STANDARD = gnu11;
				GCC_NO_COMMON_BLOCKS = YES;
				GCC_WARN_64_TO_32_BIT_CONVERSION = YES;
				GCC_WARN_ABOUT_RETURN_TYPE = YES_ERROR;
				GCC_WARN_UNDECLARED_SELECTOR = YES;
				GCC_WARN_UNINITIALIZED_AUTOS = YES_AGGRESSIVE;
				GCC_WARN_UNUSED_FUNCTION = YES;
				GCC_WARN_UNUSED_VARIABLE = YES;
				MACOSX_DEPLOYMENT_TARGET = 10.15;
				MTL_ENABLE_DEBUG_INFO = NO;
				MTL_FAST_MATH = YES;
				SDKROOT = macosx;
				SWIFT_COMPILATION_MODE = wholemodule;
				SWIFT_OPTIMIZATION_LEVEL = "-O";
			};
			name = Release;
		};
		021C7BC923F7134A009B4F3A /* Debug */ = {
			isa = XCBuildConfiguration;
			buildSettings = {
				ALWAYS_EMBED_SWIFT_STANDARD_LIBRARIES = YES;
				ASSETCATALOG_COMPILER_APPICON_NAME = AppIcon;
				CODE_SIGN_ENTITLEMENTS = "Astro Imager/Astro_Imager.entitlements";
				CODE_SIGN_STYLE = Automatic;
				COMBINE_HIDPI_IMAGES = YES;
				DEVELOPMENT_TEAM = J2S9726G2L;
				ENABLE_HARDENED_RUNTIME = YES;
				INFOPLIST_FILE = "Astro Imager/Info.plist";
				LD_RUNPATH_SEARCH_PATHS = (
					"$(inherited)",
					"@executable_path/../Frameworks",
				);
				PRODUCT_BUNDLE_IDENTIFIER = "com.lapsedpacifist.Astro-Imager";
				PRODUCT_NAME = "$(TARGET_NAME)";
				SWIFT_VERSION = 5.0;
			};
			name = Debug;
		};
		021C7BCA23F7134A009B4F3A /* Release */ = {
			isa = XCBuildConfiguration;
			buildSettings = {
				ALWAYS_EMBED_SWIFT_STANDARD_LIBRARIES = YES;
				ASSETCATALOG_COMPILER_APPICON_NAME = AppIcon;
				CODE_SIGN_ENTITLEMENTS = "Astro Imager/Astro_Imager.entitlements";
				CODE_SIGN_STYLE = Automatic;
				COMBINE_HIDPI_IMAGES = YES;
				DEVELOPMENT_TEAM = J2S9726G2L;
				ENABLE_HARDENED_RUNTIME = YES;
				INFOPLIST_FILE = "Astro Imager/Info.plist";
				LD_RUNPATH_SEARCH_PATHS = (
					"$(inherited)",
					"@executable_path/../Frameworks",
				);
				PRODUCT_BUNDLE_IDENTIFIER = "com.lapsedpacifist.Astro-Imager";
				PRODUCT_NAME = "$(TARGET_NAME)";
				SWIFT_VERSION = 5.0;
			};
			name = Release;
		};
		021C7BCC23F7134A009B4F3A /* Debug */ = {
			isa = XCBuildConfiguration;
			buildSettings = {
				ALWAYS_EMBED_SWIFT_STANDARD_LIBRARIES = YES;
				BUNDLE_LOADER = "$(TEST_HOST)";
				CODE_SIGN_STYLE = Automatic;
				COMBINE_HIDPI_IMAGES = YES;
				DEVELOPMENT_TEAM = J2S9726G2L;
				INFOPLIST_FILE = "Astro ImagerTests/Info.plist";
				LD_RUNPATH_SEARCH_PATHS = (
					"$(inherited)",
					"@executable_path/../Frameworks",
					"@loader_path/../Frameworks",
				);
				MACOSX_DEPLOYMENT_TARGET = 10.15;
				PRODUCT_BUNDLE_IDENTIFIER = "com.lapsedpacifist.Astro-ImagerTests";
				PRODUCT_NAME = "$(TARGET_NAME)";
				SWIFT_VERSION = 5.0;
				TEST_HOST = "$(BUILT_PRODUCTS_DIR)/Astro Imager.app/Contents/MacOS/Astro Imager";
			};
			name = Debug;
		};
		021C7BCD23F7134A009B4F3A /* Release */ = {
			isa = XCBuildConfiguration;
			buildSettings = {
				ALWAYS_EMBED_SWIFT_STANDARD_LIBRARIES = YES;
				BUNDLE_LOADER = "$(TEST_HOST)";
				CODE_SIGN_STYLE = Automatic;
				COMBINE_HIDPI_IMAGES = YES;
				DEVELOPMENT_TEAM = J2S9726G2L;
				INFOPLIST_FILE = "Astro ImagerTests/Info.plist";
				LD_RUNPATH_SEARCH_PATHS = (
					"$(inherited)",
					"@executable_path/../Frameworks",
					"@loader_path/../Frameworks",
				);
				MACOSX_DEPLOYMENT_TARGET = 10.15;
				PRODUCT_BUNDLE_IDENTIFIER = "com.lapsedpacifist.Astro-ImagerTests";
				PRODUCT_NAME = "$(TARGET_NAME)";
				SWIFT_VERSION = 5.0;
				TEST_HOST = "$(BUILT_PRODUCTS_DIR)/Astro Imager.app/Contents/MacOS/Astro Imager";
			};
			name = Release;
		};
		02770FE823F857760038A144 /* Debug */ = {
			isa = XCBuildConfiguration;
			buildSettings = {
				CLANG_ENABLE_MODULES = YES;
				CODE_SIGN_STYLE = Automatic;
				COMBINE_HIDPI_IMAGES = YES;
				DEVELOPMENT_TEAM = J2S9726G2L;
				INFOPLIST_FILE = ImageDirectoryGeneratorPlugin/Info.plist;
				INSTALL_PATH = "$(LOCAL_LIBRARY_DIR)/Bundles";
				LD_RUNPATH_SEARCH_PATHS = (
					"$(inherited)",
					"@executable_path/../Frameworks",
					"@loader_path/../Frameworks",
				);
				PRODUCT_BUNDLE_IDENTIFIER = com.lapsedpacifist.ImageDirectoryGeneratorPlugin;
				PRODUCT_NAME = "$(TARGET_NAME)";
				SKIP_INSTALL = YES;
				SWIFT_OPTIMIZATION_LEVEL = "-Onone";
				SWIFT_VERSION = 5.0;
				WRAPPER_EXTENSION = plugin;
			};
			name = Debug;
		};
		02770FE923F857760038A144 /* Release */ = {
			isa = XCBuildConfiguration;
			buildSettings = {
				CLANG_ENABLE_MODULES = YES;
				CODE_SIGN_STYLE = Automatic;
				COMBINE_HIDPI_IMAGES = YES;
				DEVELOPMENT_TEAM = J2S9726G2L;
				INFOPLIST_FILE = ImageDirectoryGeneratorPlugin/Info.plist;
				INSTALL_PATH = "$(LOCAL_LIBRARY_DIR)/Bundles";
				LD_RUNPATH_SEARCH_PATHS = (
					"$(inherited)",
					"@executable_path/../Frameworks",
					"@loader_path/../Frameworks",
				);
				PRODUCT_BUNDLE_IDENTIFIER = com.lapsedpacifist.ImageDirectoryGeneratorPlugin;
				PRODUCT_NAME = "$(TARGET_NAME)";
				SKIP_INSTALL = YES;
				SWIFT_VERSION = 5.0;
				WRAPPER_EXTENSION = plugin;
			};
			name = Release;
		};
		0277100923F858660038A144 /* Debug */ = {
			isa = XCBuildConfiguration;
			buildSettings = {
				CLANG_ENABLE_MODULES = YES;
				CODE_SIGN_STYLE = Automatic;
				COMBINE_HIDPI_IMAGES = YES;
				CURRENT_PROJECT_VERSION = 1;
				DEFINES_MODULE = YES;
				DEVELOPMENT_TEAM = J2S9726G2L;
				DYLIB_COMPATIBILITY_VERSION = 1;
				DYLIB_CURRENT_VERSION = 1;
				DYLIB_INSTALL_NAME_BASE = "@rpath";
				INFOPLIST_FILE = AstroImagerPlugin/Info.plist;
				INSTALL_PATH = "$(LOCAL_LIBRARY_DIR)/Frameworks";
				LD_RUNPATH_SEARCH_PATHS = (
					"$(inherited)",
					"@executable_path/../Frameworks",
					"@loader_path/Frameworks",
				);
				PRODUCT_BUNDLE_IDENTIFIER = com.lapsedpacifist.AstroImagerPlugin;
				PRODUCT_NAME = "$(TARGET_NAME:c99extidentifier)";
				SKIP_INSTALL = YES;
				SWIFT_OPTIMIZATION_LEVEL = "-Onone";
				SWIFT_VERSION = 5.0;
				VERSIONING_SYSTEM = "apple-generic";
				VERSION_INFO_PREFIX = "";
			};
			name = Debug;
		};
		0277100A23F858660038A144 /* Release */ = {
			isa = XCBuildConfiguration;
			buildSettings = {
				CLANG_ENABLE_MODULES = YES;
				CODE_SIGN_STYLE = Automatic;
				COMBINE_HIDPI_IMAGES = YES;
				CURRENT_PROJECT_VERSION = 1;
				DEFINES_MODULE = YES;
				DEVELOPMENT_TEAM = J2S9726G2L;
				DYLIB_COMPATIBILITY_VERSION = 1;
				DYLIB_CURRENT_VERSION = 1;
				DYLIB_INSTALL_NAME_BASE = "@rpath";
				INFOPLIST_FILE = AstroImagerPlugin/Info.plist;
				INSTALL_PATH = "$(LOCAL_LIBRARY_DIR)/Frameworks";
				LD_RUNPATH_SEARCH_PATHS = (
					"$(inherited)",
					"@executable_path/../Frameworks",
					"@loader_path/Frameworks",
				);
				PRODUCT_BUNDLE_IDENTIFIER = com.lapsedpacifist.AstroImagerPlugin;
				PRODUCT_NAME = "$(TARGET_NAME:c99extidentifier)";
				SKIP_INSTALL = YES;
				SWIFT_VERSION = 5.0;
				VERSIONING_SYSTEM = "apple-generic";
				VERSION_INFO_PREFIX = "";
			};
			name = Release;
		};
		0277100D23F858660038A144 /* Debug */ = {
			isa = XCBuildConfiguration;
			buildSettings = {
				ALWAYS_EMBED_SWIFT_STANDARD_LIBRARIES = YES;
				CODE_SIGN_STYLE = Automatic;
				COMBINE_HIDPI_IMAGES = YES;
				DEVELOPMENT_TEAM = J2S9726G2L;
				INFOPLIST_FILE = AstroImagerPluginTests/Info.plist;
				LD_RUNPATH_SEARCH_PATHS = (
					"$(inherited)",
					"@executable_path/../Frameworks",
					"@loader_path/../Frameworks",
				);
				PRODUCT_BUNDLE_IDENTIFIER = com.lapsedpacifist.AstroImagerPluginTests;
				PRODUCT_NAME = "$(TARGET_NAME)";
				SWIFT_VERSION = 5.0;
				TEST_HOST = "$(BUILT_PRODUCTS_DIR)/Astro Imager.app/Contents/MacOS/Astro Imager";
			};
			name = Debug;
		};
		0277100E23F858660038A144 /* Release */ = {
			isa = XCBuildConfiguration;
			buildSettings = {
				ALWAYS_EMBED_SWIFT_STANDARD_LIBRARIES = YES;
				CODE_SIGN_STYLE = Automatic;
				COMBINE_HIDPI_IMAGES = YES;
				DEVELOPMENT_TEAM = J2S9726G2L;
				INFOPLIST_FILE = AstroImagerPluginTests/Info.plist;
				LD_RUNPATH_SEARCH_PATHS = (
					"$(inherited)",
					"@executable_path/../Frameworks",
					"@loader_path/../Frameworks",
				);
				PRODUCT_BUNDLE_IDENTIFIER = com.lapsedpacifist.AstroImagerPluginTests;
				PRODUCT_NAME = "$(TARGET_NAME)";
				SWIFT_VERSION = 5.0;
				TEST_HOST = "$(BUILT_PRODUCTS_DIR)/Astro Imager.app/Contents/MacOS/Astro Imager";
			};
			name = Release;
		};
		0277103623F858CD0038A144 /* Debug */ = {
			isa = XCBuildConfiguration;
			buildSettings = {
				CODE_SIGN_STYLE = Automatic;
				COMBINE_HIDPI_IMAGES = YES;
				CURRENT_PROJECT_VERSION = 1;
				DEFINES_MODULE = YES;
				DEVELOPMENT_TEAM = J2S9726G2L;
				DYLIB_COMPATIBILITY_VERSION = 1;
				DYLIB_CURRENT_VERSION = 1;
				DYLIB_INSTALL_NAME_BASE = "@rpath";
				INFOPLIST_FILE = AstroImager/Info.plist;
				INSTALL_PATH = "$(LOCAL_LIBRARY_DIR)/Frameworks";
				LD_RUNPATH_SEARCH_PATHS = (
					"$(inherited)",
					"@executable_path/../Frameworks",
					"@loader_path/Frameworks",
				);
				PRODUCT_BUNDLE_IDENTIFIER = com.lapsedpacifist.AstroImager;
				PRODUCT_NAME = "$(TARGET_NAME:c99extidentifier)";
				SKIP_INSTALL = YES;
				SWIFT_VERSION = 5.0;
				VERSIONING_SYSTEM = "apple-generic";
				VERSION_INFO_PREFIX = "";
			};
			name = Debug;
		};
		0277103723F858CD0038A144 /* Release */ = {
			isa = XCBuildConfiguration;
			buildSettings = {
				CODE_SIGN_STYLE = Automatic;
				COMBINE_HIDPI_IMAGES = YES;
				CURRENT_PROJECT_VERSION = 1;
				DEFINES_MODULE = YES;
				DEVELOPMENT_TEAM = J2S9726G2L;
				DYLIB_COMPATIBILITY_VERSION = 1;
				DYLIB_CURRENT_VERSION = 1;
				DYLIB_INSTALL_NAME_BASE = "@rpath";
				INFOPLIST_FILE = AstroImager/Info.plist;
				INSTALL_PATH = "$(LOCAL_LIBRARY_DIR)/Frameworks";
				LD_RUNPATH_SEARCH_PATHS = (
					"$(inherited)",
					"@executable_path/../Frameworks",
					"@loader_path/Frameworks",
				);
				PRODUCT_BUNDLE_IDENTIFIER = com.lapsedpacifist.AstroImager;
				PRODUCT_NAME = "$(TARGET_NAME:c99extidentifier)";
				SKIP_INSTALL = YES;
				SWIFT_VERSION = 5.0;
				VERSIONING_SYSTEM = "apple-generic";
				VERSION_INFO_PREFIX = "";
			};
			name = Release;
		};
		0277103923F858CD0038A144 /* Debug */ = {
			isa = XCBuildConfiguration;
			buildSettings = {
				ALWAYS_EMBED_SWIFT_STANDARD_LIBRARIES = YES;
				CODE_SIGN_STYLE = Automatic;
				COMBINE_HIDPI_IMAGES = YES;
				DEVELOPMENT_TEAM = J2S9726G2L;
				INFOPLIST_FILE = AstroImagerTests/Info.plist;
				LD_RUNPATH_SEARCH_PATHS = (
					"$(inherited)",
					"@executable_path/../Frameworks",
					"@loader_path/../Frameworks",
				);
				PRODUCT_BUNDLE_IDENTIFIER = com.lapsedpacifist.AstroImagerTests;
				PRODUCT_NAME = "$(TARGET_NAME)";
				SWIFT_VERSION = 5.0;
				TEST_HOST = "$(BUILT_PRODUCTS_DIR)/Astro Imager.app/Contents/MacOS/Astro Imager";
			};
			name = Debug;
		};
		0277103A23F858CD0038A144 /* Release */ = {
			isa = XCBuildConfiguration;
			buildSettings = {
				ALWAYS_EMBED_SWIFT_STANDARD_LIBRARIES = YES;
				CODE_SIGN_STYLE = Automatic;
				COMBINE_HIDPI_IMAGES = YES;
				DEVELOPMENT_TEAM = J2S9726G2L;
				INFOPLIST_FILE = AstroImagerTests/Info.plist;
				LD_RUNPATH_SEARCH_PATHS = (
					"$(inherited)",
					"@executable_path/../Frameworks",
					"@loader_path/../Frameworks",
				);
				PRODUCT_BUNDLE_IDENTIFIER = com.lapsedpacifist.AstroImagerTests;
				PRODUCT_NAME = "$(TARGET_NAME)";
				SWIFT_VERSION = 5.0;
				TEST_HOST = "$(BUILT_PRODUCTS_DIR)/Astro Imager.app/Contents/MacOS/Astro Imager";
			};
			name = Release;
		};
/* End XCBuildConfiguration section */

/* Begin XCConfigurationList section */
		021C7BA223F71348009B4F3A /* Build configuration list for PBXProject "Astro Imager" */ = {
			isa = XCConfigurationList;
			buildConfigurations = (
				021C7BC623F7134A009B4F3A /* Debug */,
				021C7BC723F7134A009B4F3A /* Release */,
			);
			defaultConfigurationIsVisible = 0;
			defaultConfigurationName = Release;
		};
		021C7BC823F7134A009B4F3A /* Build configuration list for PBXNativeTarget "Astro Imager" */ = {
			isa = XCConfigurationList;
			buildConfigurations = (
				021C7BC923F7134A009B4F3A /* Debug */,
				021C7BCA23F7134A009B4F3A /* Release */,
			);
			defaultConfigurationIsVisible = 0;
			defaultConfigurationName = Release;
		};
		021C7BCB23F7134A009B4F3A /* Build configuration list for PBXNativeTarget "Astro ImagerTests" */ = {
			isa = XCConfigurationList;
			buildConfigurations = (
				021C7BCC23F7134A009B4F3A /* Debug */,
				021C7BCD23F7134A009B4F3A /* Release */,
			);
			defaultConfigurationIsVisible = 0;
			defaultConfigurationName = Release;
		};
		02770FE723F857760038A144 /* Build configuration list for PBXNativeTarget "ImageDirectoryGeneratorPlugin" */ = {
			isa = XCConfigurationList;
			buildConfigurations = (
				02770FE823F857760038A144 /* Debug */,
				02770FE923F857760038A144 /* Release */,
			);
			defaultConfigurationIsVisible = 0;
			defaultConfigurationName = Release;
		};
		0277100823F858660038A144 /* Build configuration list for PBXNativeTarget "AstroImagerPlugin" */ = {
			isa = XCConfigurationList;
			buildConfigurations = (
				0277100923F858660038A144 /* Debug */,
				0277100A23F858660038A144 /* Release */,
			);
			defaultConfigurationIsVisible = 0;
			defaultConfigurationName = Release;
		};
		0277100C23F858660038A144 /* Build configuration list for PBXNativeTarget "AstroImagerPluginTests" */ = {
			isa = XCConfigurationList;
			buildConfigurations = (
				0277100D23F858660038A144 /* Debug */,
				0277100E23F858660038A144 /* Release */,
			);
			defaultConfigurationIsVisible = 0;
			defaultConfigurationName = Release;
		};
		0277103523F858CD0038A144 /* Build configuration list for PBXNativeTarget "AstroImager" */ = {
			isa = XCConfigurationList;
			buildConfigurations = (
				0277103623F858CD0038A144 /* Debug */,
				0277103723F858CD0038A144 /* Release */,
			);
			defaultConfigurationIsVisible = 0;
			defaultConfigurationName = Release;
		};
		0277103823F858CD0038A144 /* Build configuration list for PBXNativeTarget "AstroImagerTests" */ = {
			isa = XCConfigurationList;
			buildConfigurations = (
				0277103923F858CD0038A144 /* Debug */,
				0277103A23F858CD0038A144 /* Release */,
			);
			defaultConfigurationIsVisible = 0;
			defaultConfigurationName = Release;
		};
/* End XCConfigurationList section */

/* Begin XCVersionGroup section */
		021C7BB123F71348009B4F3A /* Project.xcdatamodeld */ = {
			isa = XCVersionGroup;
			children = (
				021C7BB223F71348009B4F3A /* Document.xcdatamodel */,
			);
			currentVersion = 021C7BB223F71348009B4F3A /* Document.xcdatamodel */;
			path = Project.xcdatamodeld;
			sourceTree = "<group>";
			versionGroupType = wrapper.xcdatamodel;
		};
/* End XCVersionGroup section */
	};
	rootObject = 021C7B9F23F71348009B4F3A /* Project object */;
}
